// !$*UTF8*$!
{
	archiveVersion = 1;
	classes = {
	};
	objectVersion = 46;
	objects = {

/* Begin PBXBuildFile section */
		8A1C2B331F0FC92C005483ED /* NanoTimer.swift in Sources */ = {isa = PBXBuildFile; fileRef = 8A1C2B321F0FC92C005483ED /* NanoTimer.swift */; };
		8A1C2B351F10648E005483ED /* UColor.swift in Sources */ = {isa = PBXBuildFile; fileRef = 8A1C2B341F10648E005483ED /* UColor.swift */; };
		8A1C2B391F1064B2005483ED /* UDebug.swift in Sources */ = {isa = PBXBuildFile; fileRef = 8A1C2B381F1064B2005483ED /* UDebug.swift */; };
		8A1C2B3B1F1064CC005483ED /* UDpi.swift in Sources */ = {isa = PBXBuildFile; fileRef = 8A1C2B3A1F1064CC005483ED /* UDpi.swift */; };
		8A1C2B3D1F106513005483ED /* UResouceManager.swift in Sources */ = {isa = PBXBuildFile; fileRef = 8A1C2B3C1F106513005483ED /* UResouceManager.swift */; };
		8A1C2B3F1F10653B005483ED /* UUtil.swift in Sources */ = {isa = PBXBuildFile; fileRef = 8A1C2B3E1F10653B005483ED /* UUtil.swift */; };
		8A1C2B4A1F106750005483ED /* ColorView.swift in Sources */ = {isa = PBXBuildFile; fileRef = 8A1C2B491F106750005483ED /* ColorView.swift */; };
		8A1C2B4C1F10678A005483ED /* UView.swift in Sources */ = {isa = PBXBuildFile; fileRef = 8A1C2B4B1F10678A005483ED /* UView.swift */; };
		8A1C2B4E1F1067B3005483ED /* UImageView.swift in Sources */ = {isa = PBXBuildFile; fileRef = 8A1C2B4D1F1067B3005483ED /* UImageView.swift */; };
		8A1C2B501F1067C8005483ED /* UListItem.swift in Sources */ = {isa = PBXBuildFile; fileRef = 8A1C2B4F1F1067C8005483ED /* UListItem.swift */; };
		8A1C2B531F1067F1005483ED /* UListView.swift in Sources */ = {isa = PBXBuildFile; fileRef = 8A1C2B521F1067F1005483ED /* UListView.swift */; };
		8A1C2B551F10686B005483ED /* UButton.swift in Sources */ = {isa = PBXBuildFile; fileRef = 8A1C2B541F10686B005483ED /* UButton.swift */; };
		8A1C2B571F106882005483ED /* UButtonClose.swift in Sources */ = {isa = PBXBuildFile; fileRef = 8A1C2B561F106882005483ED /* UButtonClose.swift */; };
		8A1C2B591F106897005483ED /* UButtonImage.swift in Sources */ = {isa = PBXBuildFile; fileRef = 8A1C2B581F106897005483ED /* UButtonImage.swift */; };
		8A1C2B5B1F1068CA005483ED /* UButtonText.swift in Sources */ = {isa = PBXBuildFile; fileRef = 8A1C2B5A1F1068CA005483ED /* UButtonText.swift */; };
		8A1C2B5D1F1068EE005483ED /* UMenuBar.swift in Sources */ = {isa = PBXBuildFile; fileRef = 8A1C2B5C1F1068EE005483ED /* UMenuBar.swift */; };
		8A1C2B5F1F10690D005483ED /* UMenuItem.swift in Sources */ = {isa = PBXBuildFile; fileRef = 8A1C2B5E1F10690D005483ED /* UMenuItem.swift */; };
		8A1C2B611F106ACA005483ED /* UScrollBar.swift in Sources */ = {isa = PBXBuildFile; fileRef = 8A1C2B601F106ACA005483ED /* UScrollBar.swift */; };
		8A1C2B641F106AE3005483ED /* UScrollWindow.swift in Sources */ = {isa = PBXBuildFile; fileRef = 8A1C2B631F106AE3005483ED /* UScrollWindow.swift */; };
		8A1C2B661F106D03005483ED /* UTextView.swift in Sources */ = {isa = PBXBuildFile; fileRef = 8A1C2B651F106D03005483ED /* UTextView.swift */; };
		8A1C2B681F106D19005483ED /* UTextViewOpenClose.swift in Sources */ = {isa = PBXBuildFile; fileRef = 8A1C2B671F106D19005483ED /* UTextViewOpenClose.swift */; };
		8A1C2B6A1F106D50005483ED /* DrawList.swift in Sources */ = {isa = PBXBuildFile; fileRef = 8A1C2B691F106D50005483ED /* DrawList.swift */; };
		8A1C2B6C1F106D69005483ED /* UDrawable.swift in Sources */ = {isa = PBXBuildFile; fileRef = 8A1C2B6B1F106D69005483ED /* UDrawable.swift */; };
		8A1C2B6E1F106DFE005483ED /* UDrawableRect.swift in Sources */ = {isa = PBXBuildFile; fileRef = 8A1C2B6D1F106DFE005483ED /* UDrawableRect.swift */; };
		8A1C2B701F106E2D005483ED /* UDrawManager.swift in Sources */ = {isa = PBXBuildFile; fileRef = 8A1C2B6F1F106E2D005483ED /* UDrawManager.swift */; };
		8A1C2B721F106E5F005483ED /* UDialogWindow.swift in Sources */ = {isa = PBXBuildFile; fileRef = 8A1C2B711F106E5F005483ED /* UDialogWindow.swift */; };
		8A1C2B741F106E84005483ED /* UDrawItemsWindow.swift in Sources */ = {isa = PBXBuildFile; fileRef = 8A1C2B731F106E84005483ED /* UDrawItemsWindow.swift */; };
		8A1C2B761F106F86005483ED /* ULogWindow.swift in Sources */ = {isa = PBXBuildFile; fileRef = 8A1C2B751F106F86005483ED /* ULogWindow.swift */; };
		8A1C2B781F106FA6005483ED /* UPopupWindow.swift in Sources */ = {isa = PBXBuildFile; fileRef = 8A1C2B771F106FA6005483ED /* UPopupWindow.swift */; };
		8A1C2B7A1F106FBC005483ED /* UWindow.swift in Sources */ = {isa = PBXBuildFile; fileRef = 8A1C2B791F106FBC005483ED /* UWindow.swift */; };
		8A1C2B7C1F10826C005483ED /* URect.swift in Sources */ = {isa = PBXBuildFile; fileRef = 8A1C2B7B1F10826C005483ED /* URect.swift */; };
		8A1C2B7F1F111A7A005483ED /* UCircle.swift in Sources */ = {isa = PBXBuildFile; fileRef = 8A1C2B7E1F111A7A005483ED /* UCircle.swift */; };
		8A1C2B811F13115E005483ED /* RefDictionary.swift in Sources */ = {isa = PBXBuildFile; fileRef = 8A1C2B801F13115E005483ED /* RefDictionary.swift */; };
		8A5116C01F0E79CB00E82FAE /* AppDelegate.swift in Sources */ = {isa = PBXBuildFile; fileRef = 8A5116BF1F0E79CB00E82FAE /* AppDelegate.swift */; };
		8A5116C71F0E79CB00E82FAE /* Assets.xcassets in Resources */ = {isa = PBXBuildFile; fileRef = 8A5116C61F0E79CB00E82FAE /* Assets.xcassets */; };
		8A5116D41F0E7AB000E82FAE /* ViewController.swift in Sources */ = {isa = PBXBuildFile; fileRef = 8A5116D21F0E7AB000E82FAE /* ViewController.swift */; };
		8A5116D51F0E7AB000E82FAE /* ViewController.xib in Resources */ = {isa = PBXBuildFile; fileRef = 8A5116D31F0E7AB000E82FAE /* ViewController.xib */; };
		8A5116D81F0E7C7300E82FAE /* TopView.swift in Sources */ = {isa = PBXBuildFile; fileRef = 8A5116D71F0E7C7300E82FAE /* TopView.swift */; };
		8A5116DA1F0E8D2700E82FAE /* UDraw.swift in Sources */ = {isa = PBXBuildFile; fileRef = 8A5116D91F0E8D2700E82FAE /* UDraw.swift */; };
		8A5116DC1F0EA45C00E82FAE /* UAlignment.swift in Sources */ = {isa = PBXBuildFile; fileRef = 8A5116DB1F0EA45C00E82FAE /* UAlignment.swift */; };
		8A5116E01F0F65F300E82FAE /* image in Resources */ = {isa = PBXBuildFile; fileRef = 8A5116DF1F0F65F300E82FAE /* image */; };
		8A5116E31F0F8E1400E82FAE /* ViewTouch.swift in Sources */ = {isa = PBXBuildFile; fileRef = 8A5116E21F0F8E1400E82FAE /* ViewTouch.swift */; };
		8A5116E61F0FB14400E82FAE /* ULog.swift in Sources */ = {isa = PBXBuildFile; fileRef = 8A5116E51F0FB14400E82FAE /* ULog.swift */; };
		8AECCE381F13394A005C4ECF /* List.swift in Sources */ = {isa = PBXBuildFile; fileRef = 8AECCE371F13394A005C4ECF /* List.swift */; };
/* End PBXBuildFile section */

/* Begin PBXFileReference section */
		8A1C2B321F0FC92C005483ED /* NanoTimer.swift */ = {isa = PBXFileReference; fileEncoding = 4; lastKnownFileType = sourcecode.swift; name = NanoTimer.swift; path = UUtil/NanoTimer.swift; sourceTree = "<group>"; };
		8A1C2B341F10648E005483ED /* UColor.swift */ = {isa = PBXFileReference; fileEncoding = 4; lastKnownFileType = sourcecode.swift; name = UColor.swift; path = UUtil/UColor.swift; sourceTree = "<group>"; };
		8A1C2B381F1064B2005483ED /* UDebug.swift */ = {isa = PBXFileReference; fileEncoding = 4; lastKnownFileType = sourcecode.swift; name = UDebug.swift; path = UUtil/UDebug.swift; sourceTree = "<group>"; };
		8A1C2B3A1F1064CC005483ED /* UDpi.swift */ = {isa = PBXFileReference; fileEncoding = 4; lastKnownFileType = sourcecode.swift; name = UDpi.swift; path = UGui/UDpi.swift; sourceTree = "<group>"; };
		8A1C2B3C1F106513005483ED /* UResouceManager.swift */ = {isa = PBXFileReference; fileEncoding = 4; lastKnownFileType = sourcecode.swift; name = UResouceManager.swift; path = UUtil/UResouceManager.swift; sourceTree = "<group>"; };
		8A1C2B3E1F10653B005483ED /* UUtil.swift */ = {isa = PBXFileReference; fileEncoding = 4; lastKnownFileType = sourcecode.swift; name = UUtil.swift; path = UUtil/UUtil.swift; sourceTree = "<group>"; };
		8A1C2B491F106750005483ED /* ColorView.swift */ = {isa = PBXFileReference; fileEncoding = 4; lastKnownFileType = sourcecode.swift; path = ColorView.swift; sourceTree = "<group>"; };
		8A1C2B4B1F10678A005483ED /* UView.swift */ = {isa = PBXFileReference; fileEncoding = 4; lastKnownFileType = sourcecode.swift; name = UView.swift; path = UGui/UView.swift; sourceTree = "<group>"; };
		8A1C2B4D1F1067B3005483ED /* UImageView.swift */ = {isa = PBXFileReference; fileEncoding = 4; lastKnownFileType = sourcecode.swift; name = UImageView.swift; path = UGui/UImageView.swift; sourceTree = "<group>"; };
		8A1C2B4F1F1067C8005483ED /* UListItem.swift */ = {isa = PBXFileReference; fileEncoding = 4; lastKnownFileType = sourcecode.swift; name = UListItem.swift; path = UGui/UListItem.swift; sourceTree = "<group>"; };
		8A1C2B521F1067F1005483ED /* UListView.swift */ = {isa = PBXFileReference; fileEncoding = 4; lastKnownFileType = sourcecode.swift; name = UListView.swift; path = UGui/UListView.swift; sourceTree = "<group>"; };
		8A1C2B541F10686B005483ED /* UButton.swift */ = {isa = PBXFileReference; fileEncoding = 4; lastKnownFileType = sourcecode.swift; name = UButton.swift; path = UGui/Button/UButton.swift; sourceTree = "<group>"; };
		8A1C2B561F106882005483ED /* UButtonClose.swift */ = {isa = PBXFileReference; fileEncoding = 4; lastKnownFileType = sourcecode.swift; name = UButtonClose.swift; path = UGui/Button/UButtonClose.swift; sourceTree = "<group>"; };
		8A1C2B581F106897005483ED /* UButtonImage.swift */ = {isa = PBXFileReference; fileEncoding = 4; lastKnownFileType = sourcecode.swift; name = UButtonImage.swift; path = UGui/Button/UButtonImage.swift; sourceTree = "<group>"; };
		8A1C2B5A1F1068CA005483ED /* UButtonText.swift */ = {isa = PBXFileReference; fileEncoding = 4; lastKnownFileType = sourcecode.swift; name = UButtonText.swift; path = UGui/Button/UButtonText.swift; sourceTree = "<group>"; };
		8A1C2B5C1F1068EE005483ED /* UMenuBar.swift */ = {isa = PBXFileReference; fileEncoding = 4; lastKnownFileType = sourcecode.swift; name = UMenuBar.swift; path = UGui/Menu/UMenuBar.swift; sourceTree = "<group>"; };
		8A1C2B5E1F10690D005483ED /* UMenuItem.swift */ = {isa = PBXFileReference; fileEncoding = 4; lastKnownFileType = sourcecode.swift; name = UMenuItem.swift; path = UGui/Menu/UMenuItem.swift; sourceTree = "<group>"; };
		8A1C2B601F106ACA005483ED /* UScrollBar.swift */ = {isa = PBXFileReference; fileEncoding = 4; lastKnownFileType = sourcecode.swift; name = UScrollBar.swift; path = UGui/ScrollBar/UScrollBar.swift; sourceTree = "<group>"; };
		8A1C2B631F106AE3005483ED /* UScrollWindow.swift */ = {isa = PBXFileReference; fileEncoding = 4; lastKnownFileType = sourcecode.swift; path = UScrollWindow.swift; sourceTree = "<group>"; };
		8A1C2B651F106D03005483ED /* UTextView.swift */ = {isa = PBXFileReference; fileEncoding = 4; lastKnownFileType = sourcecode.swift; name = UTextView.swift; path = UGui/Text/UTextView.swift; sourceTree = "<group>"; };
		8A1C2B671F106D19005483ED /* UTextViewOpenClose.swift */ = {isa = PBXFileReference; fileEncoding = 4; lastKnownFileType = sourcecode.swift; name = UTextViewOpenClose.swift; path = UGui/Text/UTextViewOpenClose.swift; sourceTree = "<group>"; };
		8A1C2B691F106D50005483ED /* DrawList.swift */ = {isa = PBXFileReference; fileEncoding = 4; lastKnownFileType = sourcecode.swift; name = DrawList.swift; path = UGui/UDraw/DrawList.swift; sourceTree = "<group>"; };
		8A1C2B6B1F106D69005483ED /* UDrawable.swift */ = {isa = PBXFileReference; fileEncoding = 4; lastKnownFileType = sourcecode.swift; name = UDrawable.swift; path = UGui/UDraw/UDrawable.swift; sourceTree = "<group>"; };
		8A1C2B6D1F106DFE005483ED /* UDrawableRect.swift */ = {isa = PBXFileReference; fileEncoding = 4; lastKnownFileType = sourcecode.swift; name = UDrawableRect.swift; path = UGui/UDraw/UDrawableRect.swift; sourceTree = "<group>"; };
		8A1C2B6F1F106E2D005483ED /* UDrawManager.swift */ = {isa = PBXFileReference; fileEncoding = 4; lastKnownFileType = sourcecode.swift; name = UDrawManager.swift; path = UGui/UDraw/UDrawManager.swift; sourceTree = "<group>"; };
		8A1C2B711F106E5F005483ED /* UDialogWindow.swift */ = {isa = PBXFileReference; fileEncoding = 4; lastKnownFileType = sourcecode.swift; name = UDialogWindow.swift; path = UGui/Window/UDialogWindow.swift; sourceTree = "<group>"; };
		8A1C2B731F106E84005483ED /* UDrawItemsWindow.swift */ = {isa = PBXFileReference; fileEncoding = 4; lastKnownFileType = sourcecode.swift; name = UDrawItemsWindow.swift; path = UGui/Window/UDrawItemsWindow.swift; sourceTree = "<group>"; };
		8A1C2B751F106F86005483ED /* ULogWindow.swift */ = {isa = PBXFileReference; fileEncoding = 4; lastKnownFileType = sourcecode.swift; name = ULogWindow.swift; path = UGui/Window/ULogWindow.swift; sourceTree = "<group>"; };
		8A1C2B771F106FA6005483ED /* UPopupWindow.swift */ = {isa = PBXFileReference; fileEncoding = 4; lastKnownFileType = sourcecode.swift; name = UPopupWindow.swift; path = UGui/Window/UPopupWindow.swift; sourceTree = "<group>"; };
		8A1C2B791F106FBC005483ED /* UWindow.swift */ = {isa = PBXFileReference; fileEncoding = 4; lastKnownFileType = sourcecode.swift; name = UWindow.swift; path = UGui/Window/UWindow.swift; sourceTree = "<group>"; };
		8A1C2B7B1F10826C005483ED /* URect.swift */ = {isa = PBXFileReference; fileEncoding = 4; lastKnownFileType = sourcecode.swift; name = URect.swift; path = UGui/URect.swift; sourceTree = "<group>"; };
		8A1C2B7E1F111A7A005483ED /* UCircle.swift */ = {isa = PBXFileReference; fileEncoding = 4; lastKnownFileType = sourcecode.swift; name = UCircle.swift; path = UGui/Primitive/UCircle.swift; sourceTree = "<group>"; };
		8A1C2B801F13115E005483ED /* RefDictionary.swift */ = {isa = PBXFileReference; fileEncoding = 4; lastKnownFileType = sourcecode.swift; path = RefDictionary.swift; sourceTree = "<group>"; };
		8A5116BC1F0E79CB00E82FAE /* UGui.app */ = {isa = PBXFileReference; explicitFileType = wrapper.application; includeInIndex = 0; path = UGui.app; sourceTree = BUILT_PRODUCTS_DIR; };
		8A5116BF1F0E79CB00E82FAE /* AppDelegate.swift */ = {isa = PBXFileReference; lastKnownFileType = sourcecode.swift; path = AppDelegate.swift; sourceTree = "<group>"; };
		8A5116C61F0E79CB00E82FAE /* Assets.xcassets */ = {isa = PBXFileReference; lastKnownFileType = folder.assetcatalog; path = Assets.xcassets; sourceTree = "<group>"; };
		8A5116CB1F0E79CB00E82FAE /* Info.plist */ = {isa = PBXFileReference; lastKnownFileType = text.plist.xml; path = Info.plist; sourceTree = "<group>"; };
		8A5116D21F0E7AB000E82FAE /* ViewController.swift */ = {isa = PBXFileReference; fileEncoding = 4; lastKnownFileType = sourcecode.swift; name = ViewController.swift; path = ViewController/ViewController.swift; sourceTree = "<group>"; };
		8A5116D31F0E7AB000E82FAE /* ViewController.xib */ = {isa = PBXFileReference; fileEncoding = 4; lastKnownFileType = file.xib; name = ViewController.xib; path = ViewController/ViewController.xib; sourceTree = "<group>"; };
		8A5116D71F0E7C7300E82FAE /* TopView.swift */ = {isa = PBXFileReference; fileEncoding = 4; lastKnownFileType = sourcecode.swift; name = TopView.swift; path = View/TopView.swift; sourceTree = "<group>"; };
		8A5116D91F0E8D2700E82FAE /* UDraw.swift */ = {isa = PBXFileReference; fileEncoding = 4; lastKnownFileType = sourcecode.swift; name = UDraw.swift; path = UGui/UDraw.swift; sourceTree = "<group>"; };
		8A5116DB1F0EA45C00E82FAE /* UAlignment.swift */ = {isa = PBXFileReference; fileEncoding = 4; lastKnownFileType = sourcecode.swift; name = UAlignment.swift; path = UGui/UAlignment.swift; sourceTree = "<group>"; };
		8A5116DF1F0F65F300E82FAE /* image */ = {isa = PBXFileReference; lastKnownFileType = folder; path = image; sourceTree = "<group>"; };
		8A5116E21F0F8E1400E82FAE /* ViewTouch.swift */ = {isa = PBXFileReference; fileEncoding = 4; lastKnownFileType = sourcecode.swift; path = ViewTouch.swift; sourceTree = "<group>"; };
		8A5116E51F0FB14400E82FAE /* ULog.swift */ = {isa = PBXFileReference; fileEncoding = 4; lastKnownFileType = sourcecode.swift; name = ULog.swift; path = UUtil/ULog.swift; sourceTree = "<group>"; };
		8AECCE371F13394A005C4ECF /* List.swift */ = {isa = PBXFileReference; fileEncoding = 4; lastKnownFileType = sourcecode.swift; name = List.swift; path = UUtil/List.swift; sourceTree = "<group>"; };
/* End PBXFileReference section */

/* Begin PBXFrameworksBuildPhase section */
		8A5116B91F0E79CB00E82FAE /* Frameworks */ = {
			isa = PBXFrameworksBuildPhase;
			buildActionMask = 2147483647;
			files = (
			);
			runOnlyForDeploymentPostprocessing = 0;
		};
/* End PBXFrameworksBuildPhase section */

/* Begin PBXGroup section */
		8A1C2B431F106700005483ED /* Button */ = {
			isa = PBXGroup;
			children = (
				8A1C2B541F10686B005483ED /* UButton.swift */,
				8A1C2B561F106882005483ED /* UButtonClose.swift */,
				8A1C2B581F106897005483ED /* UButtonImage.swift */,
				8A1C2B5A1F1068CA005483ED /* UButtonText.swift */,
			);
			name = Button;
			sourceTree = "<group>";
		};
		8A1C2B441F10670A005483ED /* Menu */ = {
			isa = PBXGroup;
			children = (
				8A1C2B5C1F1068EE005483ED /* UMenuBar.swift */,
				8A1C2B5E1F10690D005483ED /* UMenuItem.swift */,
			);
			name = Menu;
			sourceTree = "<group>";
		};
		8A1C2B451F10670F005483ED /* ScrollBar */ = {
			isa = PBXGroup;
			children = (
				8A1C2B601F106ACA005483ED /* UScrollBar.swift */,
			);
			name = ScrollBar;
			sourceTree = "<group>";
		};
		8A1C2B461F10671B005483ED /* Text */ = {
			isa = PBXGroup;
			children = (
				8A1C2B651F106D03005483ED /* UTextView.swift */,
				8A1C2B671F106D19005483ED /* UTextViewOpenClose.swift */,
			);
			name = Text;
			sourceTree = "<group>";
		};
		8A1C2B471F106724005483ED /* UDraw */ = {
			isa = PBXGroup;
			children = (
				8A5116D91F0E8D2700E82FAE /* UDraw.swift */,
				8A1C2B691F106D50005483ED /* DrawList.swift */,
				8A1C2B6B1F106D69005483ED /* UDrawable.swift */,
				8A1C2B6D1F106DFE005483ED /* UDrawableRect.swift */,
				8A1C2B6F1F106E2D005483ED /* UDrawManager.swift */,
			);
			name = UDraw;
			sourceTree = "<group>";
		};
		8A1C2B481F106735005483ED /* Window */ = {
			isa = PBXGroup;
			children = (
				8A1C2B631F106AE3005483ED /* UScrollWindow.swift */,
				8A1C2B711F106E5F005483ED /* UDialogWindow.swift */,
				8A1C2B731F106E84005483ED /* UDrawItemsWindow.swift */,
				8A1C2B751F106F86005483ED /* ULogWindow.swift */,
				8A1C2B771F106FA6005483ED /* UPopupWindow.swift */,
				8A1C2B791F106FBC005483ED /* UWindow.swift */,
			);
			name = Window;
			sourceTree = "<group>";
		};
		8A1C2B511F1067D8005483ED /* ListView */ = {
			isa = PBXGroup;
			children = (
				8A1C2B4F1F1067C8005483ED /* UListItem.swift */,
				8A1C2B521F1067F1005483ED /* UListView.swift */,
			);
			name = ListView;
			sourceTree = "<group>";
		};
		8A1C2B7D1F111A44005483ED /* Primitive */ = {
			isa = PBXGroup;
			children = (
				8A1C2B7E1F111A7A005483ED /* UCircle.swift */,
			);
			name = Primitive;
			sourceTree = "<group>";
		};
		8A5116B31F0E79CB00E82FAE = {
			isa = PBXGroup;
			children = (
				8A5116BE1F0E79CB00E82FAE /* UGui */,
				8A5116BD1F0E79CB00E82FAE /* Products */,
			);
			sourceTree = "<group>";
		};
		8A5116BD1F0E79CB00E82FAE /* Products */ = {
			isa = PBXGroup;
			children = (
				8A5116BC1F0E79CB00E82FAE /* UGui.app */,
			);
			name = Products;
			sourceTree = "<group>";
		};
		8A5116BE1F0E79CB00E82FAE /* UGui */ = {
			isa = PBXGroup;
			children = (
				8A1C2B3A1F1064CC005483ED /* UDpi.swift */,
				8A5116DB1F0EA45C00E82FAE /* UAlignment.swift */,
				8A1C2B3C1F106513005483ED /* UResouceManager.swift */,
				8A5116E41F0FB12900E82FAE /* Util */,
				8A5116E11F0F8DE300E82FAE /* UView */,
				8A5116DF1F0F65F300E82FAE /* image */,
				8A5116D11F0E7A8900E82FAE /* View */,
				8A5116BF1F0E79CB00E82FAE /* AppDelegate.swift */,
				8A5116C61F0E79CB00E82FAE /* Assets.xcassets */,
				8A5116CB1F0E79CB00E82FAE /* Info.plist */,
				8A5116D21F0E7AB000E82FAE /* ViewController.swift */,
				8A5116D31F0E7AB000E82FAE /* ViewController.xib */,
			);
			path = UGui;
			sourceTree = "<group>";
		};
		8A5116D11F0E7A8900E82FAE /* View */ = {
			isa = PBXGroup;
			children = (
				8A5116D71F0E7C7300E82FAE /* TopView.swift */,
			);
			name = View;
			sourceTree = "<group>";
		};
		8A5116E11F0F8DE300E82FAE /* UView */ = {
			isa = PBXGroup;
			children = (
				8A1C2B7D1F111A44005483ED /* Primitive */,
				8A5116E21F0F8E1400E82FAE /* ViewTouch.swift */,
				8A1C2B431F106700005483ED /* Button */,
				8A1C2B441F10670A005483ED /* Menu */,
				8A1C2B511F1067D8005483ED /* ListView */,
				8A1C2B481F106735005483ED /* Window */,
				8A1C2B471F106724005483ED /* UDraw */,
				8A1C2B461F10671B005483ED /* Text */,
				8A1C2B451F10670F005483ED /* ScrollBar */,
				8A1C2B491F106750005483ED /* ColorView.swift */,
				8A1C2B4B1F10678A005483ED /* UView.swift */,
				8A1C2B4D1F1067B3005483ED /* UImageView.swift */,
				8A1C2B7B1F10826C005483ED /* URect.swift */,
			);
			name = UView;
			sourceTree = "<group>";
		};
		8A5116E41F0FB12900E82FAE /* Util */ = {
			isa = PBXGroup;
			children = (
				8A1C2B801F13115E005483ED /* RefDictionary.swift */,
				8A5116E51F0FB14400E82FAE /* ULog.swift */,
				8A1C2B321F0FC92C005483ED /* NanoTimer.swift */,
				8A1C2B341F10648E005483ED /* UColor.swift */,
				8A1C2B381F1064B2005483ED /* UDebug.swift */,
				8A1C2B3E1F10653B005483ED /* UUtil.swift */,
				8AECCE371F13394A005C4ECF /* List.swift */,
			);
			name = Util;
			sourceTree = "<group>";
		};
/* End PBXGroup section */

/* Begin PBXNativeTarget section */
		8A5116BB1F0E79CB00E82FAE /* UGui */ = {
			isa = PBXNativeTarget;
			buildConfigurationList = 8A5116CE1F0E79CB00E82FAE /* Build configuration list for PBXNativeTarget "UGui" */;
			buildPhases = (
				8A5116B81F0E79CB00E82FAE /* Sources */,
				8A5116B91F0E79CB00E82FAE /* Frameworks */,
				8A5116BA1F0E79CB00E82FAE /* Resources */,
			);
			buildRules = (
			);
			dependencies = (
			);
			name = UGui;
			productName = UGui;
			productReference = 8A5116BC1F0E79CB00E82FAE /* UGui.app */;
			productType = "com.apple.product-type.application";
		};
/* End PBXNativeTarget section */

/* Begin PBXProject section */
		8A5116B41F0E79CB00E82FAE /* Project object */ = {
			isa = PBXProject;
			attributes = {
				LastSwiftUpdateCheck = 0820;
				LastUpgradeCheck = 0820;
				ORGANIZATIONNAME = "Shusuke Unno";
				TargetAttributes = {
					8A5116BB1F0E79CB00E82FAE = {
						CreatedOnToolsVersion = 8.2.1;
						ProvisioningStyle = Automatic;
					};
				};
			};
			buildConfigurationList = 8A5116B71F0E79CB00E82FAE /* Build configuration list for PBXProject "UGui" */;
			compatibilityVersion = "Xcode 3.2";
			developmentRegion = English;
			hasScannedForEncodings = 0;
			knownRegions = (
				en,
				Base,
			);
			mainGroup = 8A5116B31F0E79CB00E82FAE;
			productRefGroup = 8A5116BD1F0E79CB00E82FAE /* Products */;
			projectDirPath = "";
			projectRoot = "";
			targets = (
				8A5116BB1F0E79CB00E82FAE /* UGui */,
			);
		};
/* End PBXProject section */

/* Begin PBXResourcesBuildPhase section */
		8A5116BA1F0E79CB00E82FAE /* Resources */ = {
			isa = PBXResourcesBuildPhase;
			buildActionMask = 2147483647;
			files = (
				8A5116E01F0F65F300E82FAE /* image in Resources */,
				8A5116D51F0E7AB000E82FAE /* ViewController.xib in Resources */,
				8A5116C71F0E79CB00E82FAE /* Assets.xcassets in Resources */,
			);
			runOnlyForDeploymentPostprocessing = 0;
		};
/* End PBXResourcesBuildPhase section */

/* Begin PBXSourcesBuildPhase section */
		8A5116B81F0E79CB00E82FAE /* Sources */ = {
			isa = PBXSourcesBuildPhase;
			buildActionMask = 2147483647;
			files = (
				8A1C2B661F106D03005483ED /* UTextView.swift in Sources */,
				8A1C2B7C1F10826C005483ED /* URect.swift in Sources */,
				8A1C2B551F10686B005483ED /* UButton.swift in Sources */,
				8A1C2B4C1F10678A005483ED /* UView.swift in Sources */,
				8A1C2B641F106AE3005483ED /* UScrollWindow.swift in Sources */,
				8A5116D41F0E7AB000E82FAE /* ViewController.swift in Sources */,
				8A1C2B5F1F10690D005483ED /* UMenuItem.swift in Sources */,
				8A1C2B351F10648E005483ED /* UColor.swift in Sources */,
				8A1C2B7A1F106FBC005483ED /* UWindow.swift in Sources */,
				8A1C2B6A1F106D50005483ED /* DrawList.swift in Sources */,
				8A5116DA1F0E8D2700E82FAE /* UDraw.swift in Sources */,
				8A1C2B3B1F1064CC005483ED /* UDpi.swift in Sources */,
				8A5116E61F0FB14400E82FAE /* ULog.swift in Sources */,
				8A1C2B721F106E5F005483ED /* UDialogWindow.swift in Sources */,
				8A1C2B811F13115E005483ED /* RefDictionary.swift in Sources */,
				8A1C2B701F106E2D005483ED /* UDrawManager.swift in Sources */,
				8A1C2B531F1067F1005483ED /* UListView.swift in Sources */,
				8A1C2B781F106FA6005483ED /* UPopupWindow.swift in Sources */,
				8A1C2B5B1F1068CA005483ED /* UButtonText.swift in Sources */,
				8A1C2B501F1067C8005483ED /* UListItem.swift in Sources */,
				8A1C2B5D1F1068EE005483ED /* UMenuBar.swift in Sources */,
				8A1C2B611F106ACA005483ED /* UScrollBar.swift in Sources */,
				8A5116D81F0E7C7300E82FAE /* TopView.swift in Sources */,
				8A1C2B391F1064B2005483ED /* UDebug.swift in Sources */,
				8A1C2B6E1F106DFE005483ED /* UDrawableRect.swift in Sources */,
				8AECCE381F13394A005C4ECF /* List.swift in Sources */,
				8A5116C01F0E79CB00E82FAE /* AppDelegate.swift in Sources */,
				8A1C2B571F106882005483ED /* UButtonClose.swift in Sources */,
				8A1C2B3F1F10653B005483ED /* UUtil.swift in Sources */,
				8A1C2B741F106E84005483ED /* UDrawItemsWindow.swift in Sources */,
				8A1C2B7F1F111A7A005483ED /* UCircle.swift in Sources */,
				8A1C2B681F106D19005483ED /* UTextViewOpenClose.swift in Sources */,
				8A5116E31F0F8E1400E82FAE /* ViewTouch.swift in Sources */,
				8A1C2B4A1F106750005483ED /* ColorView.swift in Sources */,
				8A5116DC1F0EA45C00E82FAE /* UAlignment.swift in Sources */,
				8A1C2B3D1F106513005483ED /* UResouceManager.swift in Sources */,
				8A1C2B4E1F1067B3005483ED /* UImageView.swift in Sources */,
				8A1C2B591F106897005483ED /* UButtonImage.swift in Sources */,
				8A1C2B331F0FC92C005483ED /* NanoTimer.swift in Sources */,
				8A1C2B761F106F86005483ED /* ULogWindow.swift in Sources */,
				8A1C2B6C1F106D69005483ED /* UDrawable.swift in Sources */,
			);
			runOnlyForDeploymentPostprocessing = 0;
		};
/* End PBXSourcesBuildPhase section */

/* Begin XCBuildConfiguration section */
		8A5116CC1F0E79CB00E82FAE /* Debug */ = {
			isa = XCBuildConfiguration;
			buildSettings = {
				ALWAYS_SEARCH_USER_PATHS = NO;
				CLANG_ANALYZER_NONNULL = YES;
				CLANG_CXX_LANGUAGE_STANDARD = "gnu++0x";
				CLANG_CXX_LIBRARY = "libc++";
				CLANG_ENABLE_MODULES = YES;
				CLANG_ENABLE_OBJC_ARC = YES;
				CLANG_WARN_BOOL_CONVERSION = YES;
				CLANG_WARN_CONSTANT_CONVERSION = YES;
				CLANG_WARN_DIRECT_OBJC_ISA_USAGE = YES_ERROR;
				CLANG_WARN_DOCUMENTATION_COMMENTS = YES;
				CLANG_WARN_EMPTY_BODY = YES;
				CLANG_WARN_ENUM_CONVERSION = YES;
				CLANG_WARN_INFINITE_RECURSION = YES;
				CLANG_WARN_INT_CONVERSION = YES;
				CLANG_WARN_OBJC_ROOT_CLASS = YES_ERROR;
				CLANG_WARN_SUSPICIOUS_MOVE = YES;
				CLANG_WARN_UNREACHABLE_CODE = YES;
				CLANG_WARN__DUPLICATE_METHOD_MATCH = YES;
				"CODE_SIGN_IDENTITY[sdk=iphoneos*]" = "iPhone Developer";
				COPY_PHASE_STRIP = NO;
				DEBUG_INFORMATION_FORMAT = dwarf;
				ENABLE_STRICT_OBJC_MSGSEND = YES;
				ENABLE_TESTABILITY = YES;
				GCC_C_LANGUAGE_STANDARD = gnu99;
				GCC_DYNAMIC_NO_PIC = NO;
				GCC_NO_COMMON_BLOCKS = YES;
				GCC_OPTIMIZATION_LEVEL = 0;
				GCC_PREPROCESSOR_DEFINITIONS = (
					"DEBUG=1",
					"$(inherited)",
				);
				GCC_WARN_64_TO_32_BIT_CONVERSION = YES;
				GCC_WARN_ABOUT_RETURN_TYPE = YES_ERROR;
				GCC_WARN_UNDECLARED_SELECTOR = YES;
				GCC_WARN_UNINITIALIZED_AUTOS = YES_AGGRESSIVE;
				GCC_WARN_UNUSED_FUNCTION = YES;
				GCC_WARN_UNUSED_VARIABLE = YES;
				IPHONEOS_DEPLOYMENT_TARGET = 10.2;
				MTL_ENABLE_DEBUG_INFO = YES;
				ONLY_ACTIVE_ARCH = YES;
				SDKROOT = iphoneos;
				SWIFT_ACTIVE_COMPILATION_CONDITIONS = DEBUG;
				SWIFT_OPTIMIZATION_LEVEL = "-Onone";
				TARGETED_DEVICE_FAMILY = "1,2";
			};
			name = Debug;
		};
		8A5116CD1F0E79CB00E82FAE /* Release */ = {
			isa = XCBuildConfiguration;
			buildSettings = {
				ALWAYS_SEARCH_USER_PATHS = NO;
				CLANG_ANALYZER_NONNULL = YES;
				CLANG_CXX_LANGUAGE_STANDARD = "gnu++0x";
				CLANG_CXX_LIBRARY = "libc++";
				CLANG_ENABLE_MODULES = YES;
				CLANG_ENABLE_OBJC_ARC = YES;
				CLANG_WARN_BOOL_CONVERSION = YES;
				CLANG_WARN_CONSTANT_CONVERSION = YES;
				CLANG_WARN_DIRECT_OBJC_ISA_USAGE = YES_ERROR;
				CLANG_WARN_DOCUMENTATION_COMMENTS = YES;
				CLANG_WARN_EMPTY_BODY = YES;
				CLANG_WARN_ENUM_CONVERSION = YES;
				CLANG_WARN_INFINITE_RECURSION = YES;
				CLANG_WARN_INT_CONVERSION = YES;
				CLANG_WARN_OBJC_ROOT_CLASS = YES_ERROR;
				CLANG_WARN_SUSPICIOUS_MOVE = YES;
				CLANG_WARN_UNREACHABLE_CODE = YES;
				CLANG_WARN__DUPLICATE_METHOD_MATCH = YES;
				"CODE_SIGN_IDENTITY[sdk=iphoneos*]" = "iPhone Developer";
				COPY_PHASE_STRIP = NO;
				DEBUG_INFORMATION_FORMAT = "dwarf-with-dsym";
				ENABLE_NS_ASSERTIONS = NO;
				ENABLE_STRICT_OBJC_MSGSEND = YES;
				GCC_C_LANGUAGE_STANDARD = gnu99;
				GCC_NO_COMMON_BLOCKS = YES;
				GCC_WARN_64_TO_32_BIT_CONVERSION = YES;
				GCC_WARN_ABOUT_RETURN_TYPE = YES_ERROR;
				GCC_WARN_UNDECLARED_SELECTOR = YES;
				GCC_WARN_UNINITIALIZED_AUTOS = YES_AGGRESSIVE;
				GCC_WARN_UNUSED_FUNCTION = YES;
				GCC_WARN_UNUSED_VARIABLE = YES;
				IPHONEOS_DEPLOYMENT_TARGET = 10.2;
				MTL_ENABLE_DEBUG_INFO = NO;
				SDKROOT = iphoneos;
				SWIFT_OPTIMIZATION_LEVEL = "-Owholemodule";
				TARGETED_DEVICE_FAMILY = "1,2";
				VALIDATE_PRODUCT = YES;
			};
			name = Release;
		};
		8A5116CF1F0E79CB00E82FAE /* Debug */ = {
			isa = XCBuildConfiguration;
			buildSettings = {
				ASSETCATALOG_COMPILER_APPICON_NAME = AppIcon;
				INFOPLIST_FILE = UGui/Info.plist;
				LD_RUNPATH_SEARCH_PATHS = "$(inherited) @executable_path/Frameworks";
				PRODUCT_BUNDLE_IDENTIFIER = sunsunsoft.UGui;
				PRODUCT_NAME = "$(TARGET_NAME)";
				SWIFT_VERSION = 3.0;
			};
			name = Debug;
		};
		8A5116D01F0E79CB00E82FAE /* Release */ = {
			isa = XCBuildConfiguration;
			buildSettings = {
				ASSETCATALOG_COMPILER_APPICON_NAME = AppIcon;
				INFOPLIST_FILE = UGui/Info.plist;
				LD_RUNPATH_SEARCH_PATHS = "$(inherited) @executable_path/Frameworks";
				PRODUCT_BUNDLE_IDENTIFIER = sunsunsoft.UGui;
				PRODUCT_NAME = "$(TARGET_NAME)";
				SWIFT_VERSION = 3.0;
			};
			name = Release;
		};
/* End XCBuildConfiguration section */

/* Begin XCConfigurationList section */
		8A5116B71F0E79CB00E82FAE /* Build configuration list for PBXProject "UGui" */ = {
			isa = XCConfigurationList;
			buildConfigurations = (
				8A5116CC1F0E79CB00E82FAE /* Debug */,
				8A5116CD1F0E79CB00E82FAE /* Release */,
			);
			defaultConfigurationIsVisible = 0;
			defaultConfigurationName = Release;
		};
		8A5116CE1F0E79CB00E82FAE /* Build configuration list for PBXNativeTarget "UGui" */ = {
			isa = XCConfigurationList;
			buildConfigurations = (
				8A5116CF1F0E79CB00E82FAE /* Debug */,
				8A5116D01F0E79CB00E82FAE /* Release */,
			);
			defaultConfigurationIsVisible = 0;
			defaultConfigurationName = Release;
		};
/* End XCConfigurationList section */
	};
	rootObject = 8A5116B41F0E79CB00E82FAE /* Project object */;
}
