// !$*UTF8*$!
{
	archiveVersion = 1;
	classes = {
	};
	objectVersion = 46;
	objects = {

/* Begin PBXBuildFile section */
		8AE720751F1A3293005B0043 /* AppDelegate.swift in Sources */ = {isa = PBXBuildFile; fileRef = 8AE720741F1A3293005B0043 /* AppDelegate.swift */; };
		8AE7207C1F1A3293005B0043 /* Assets.xcassets in Resources */ = {isa = PBXBuildFile; fileRef = 8AE7207B1F1A3293005B0043 /* Assets.xcassets */; };
		8AE7208C1F1A3614005B0043 /* Base.lproj in Resources */ = {isa = PBXBuildFile; fileRef = 8AE7208B1F1A3614005B0043 /* Base.lproj */; };
		8AE7208E1F1A3637005B0043 /* image in Resources */ = {isa = PBXBuildFile; fileRef = 8AE7208D1F1A3637005B0043 /* image */; };
		8AE7209E1F1CDE65005B0043 /* ViewController2.swift in Sources */ = {isa = PBXBuildFile; fileRef = 8AE7209C1F1CDE64005B0043 /* ViewController2.swift */; };
		8AE7209F1F1CDE65005B0043 /* ViewController2.xib in Resources */ = {isa = PBXBuildFile; fileRef = 8AE7209D1F1CDE64005B0043 /* ViewController2.xib */; };
		8AE720A21F1CDEB3005B0043 /* ViewController.swift in Sources */ = {isa = PBXBuildFile; fileRef = 8AE720A01F1CDEB3005B0043 /* ViewController.swift */; };
		8AE720A31F1CDEB3005B0043 /* ViewController.xib in Resources */ = {isa = PBXBuildFile; fileRef = 8AE720A11F1CDEB3005B0043 /* ViewController.xib */; };
		8AE720A51F1CDECF005B0043 /* TopView.swift in Sources */ = {isa = PBXBuildFile; fileRef = 8AE720A41F1CDECF005B0043 /* TopView.swift */; };
		8AE720A91F1CDF08005B0043 /* TopViewController.swift in Sources */ = {isa = PBXBuildFile; fileRef = 8AE720A71F1CDF08005B0043 /* TopViewController.swift */; };
		8AE720AC1F1D96C7005B0043 /* SimpleView1.swift in Sources */ = {isa = PBXBuildFile; fileRef = 8AE720AB1F1D96C7005B0043 /* SimpleView1.swift */; };
		8AE720AE1F1D96D4005B0043 /* SimpleView2.swift in Sources */ = {isa = PBXBuildFile; fileRef = 8AE720AD1F1D96D4005B0043 /* SimpleView2.swift */; };
		8AE720B11F1D9902005B0043 /* UIView+mask.swift in Sources */ = {isa = PBXBuildFile; fileRef = 8AE720B01F1D9902005B0043 /* UIView+mask.swift */; };
		8AFDE2221F232AF80094860B /* EnumEnumerable.swift in Sources */ = {isa = PBXBuildFile; fileRef = 8AFDE2211F232AF80094860B /* EnumEnumerable.swift */; };
		8AFDE22B1F232BCA0094860B /* CustomCell.swift in Sources */ = {isa = PBXBuildFile; fileRef = 8AFDE2271F232BCA0094860B /* CustomCell.swift */; };
		8AFDE22C1F232BCA0094860B /* CustomCell.xib in Resources */ = {isa = PBXBuildFile; fileRef = 8AFDE2281F232BCA0094860B /* CustomCell.xib */; };
		8AFDE22D1F232BCA0094860B /* TableViewController.swift in Sources */ = {isa = PBXBuildFile; fileRef = 8AFDE2291F232BCA0094860B /* TableViewController.swift */; };
		8AFDE22E1F232BCA0094860B /* TableViewController.xib in Resources */ = {isa = PBXBuildFile; fileRef = 8AFDE22A1F232BCA0094860B /* TableViewController.xib */; };
		8AFDE2311F232DFE0094860B /* Draw1ViewController.swift in Sources */ = {isa = PBXBuildFile; fileRef = 8AFDE22F1F232DFE0094860B /* Draw1ViewController.swift */; };
		8AFDE2321F232DFE0094860B /* Draw1ViewController.xib in Resources */ = {isa = PBXBuildFile; fileRef = 8AFDE2301F232DFE0094860B /* Draw1ViewController.xib */; };
		8AFDE2341F232F3F0094860B /* TopViewController.xib in Resources */ = {isa = PBXBuildFile; fileRef = 8AFDE2331F232F3F0094860B /* TopViewController.xib */; };
		8AFDE2371F232FEF0094860B /* Draw2ViewController.swift in Sources */ = {isa = PBXBuildFile; fileRef = 8AFDE2351F232FEF0094860B /* Draw2ViewController.swift */; };
		8AFDE2381F232FEF0094860B /* Draw2ViewController.xib in Resources */ = {isa = PBXBuildFile; fileRef = 8AFDE2361F232FEF0094860B /* Draw2ViewController.xib */; };
		8AFDE23B1F232FFE0094860B /* Draw3ViewController.swift in Sources */ = {isa = PBXBuildFile; fileRef = 8AFDE2391F232FFE0094860B /* Draw3ViewController.swift */; };
		8AFDE23C1F232FFE0094860B /* Draw3ViewController.xib in Resources */ = {isa = PBXBuildFile; fileRef = 8AFDE23A1F232FFE0094860B /* Draw3ViewController.xib */; };
		8AFDE23F1F23300E0094860B /* Draw4ViewController.swift in Sources */ = {isa = PBXBuildFile; fileRef = 8AFDE23D1F23300E0094860B /* Draw4ViewController.swift */; };
		8AFDE2401F23300E0094860B /* Draw4ViewController.xib in Resources */ = {isa = PBXBuildFile; fileRef = 8AFDE23E1F23300E0094860B /* Draw4ViewController.xib */; };
		8AFDE2431F2330220094860B /* Draw5ViewController.swift in Sources */ = {isa = PBXBuildFile; fileRef = 8AFDE2411F2330220094860B /* Draw5ViewController.swift */; };
		8AFDE2441F2330220094860B /* Draw5ViewController.xib in Resources */ = {isa = PBXBuildFile; fileRef = 8AFDE2421F2330220094860B /* Draw5ViewController.xib */; };
		8AFDE2471F2330370094860B /* Draw6ViewController.swift in Sources */ = {isa = PBXBuildFile; fileRef = 8AFDE2451F2330370094860B /* Draw6ViewController.swift */; };
		8AFDE2481F2330370094860B /* Draw6ViewController.xib in Resources */ = {isa = PBXBuildFile; fileRef = 8AFDE2461F2330370094860B /* Draw6ViewController.xib */; };
		8AFDE24B1F2330440094860B /* Draw7ViewController.swift in Sources */ = {isa = PBXBuildFile; fileRef = 8AFDE2491F2330440094860B /* Draw7ViewController.swift */; };
		8AFDE24C1F2330440094860B /* Draw7ViewController.xib in Resources */ = {isa = PBXBuildFile; fileRef = 8AFDE24A1F2330440094860B /* Draw7ViewController.xib */; };
		8AFDE2501F2330D40094860B /* UNViewController.swift in Sources */ = {isa = PBXBuildFile; fileRef = 8AFDE24F1F2330D40094860B /* UNViewController.swift */; };
		8AFDE2521F2331560094860B /* CustomDrawView.swift in Sources */ = {isa = PBXBuildFile; fileRef = 8AFDE2511F2331560094860B /* CustomDrawView.swift */; };
		8AFDE2541F2334980094860B /* UDraw.swift in Sources */ = {isa = PBXBuildFile; fileRef = 8AFDE2531F2334980094860B /* UDraw.swift */; };
		8AFDE2561F2334E30094860B /* UDpi.swift in Sources */ = {isa = PBXBuildFile; fileRef = 8AFDE2551F2334E30094860B /* UDpi.swift */; };
		8AFDE2581F2335330094860B /* UAlignment.swift in Sources */ = {isa = PBXBuildFile; fileRef = 8AFDE2571F2335330094860B /* UAlignment.swift */; };
/* End PBXBuildFile section */

/* Begin PBXFileReference section */
		8AE720711F1A3293005B0043 /* TestDraw.app */ = {isa = PBXFileReference; explicitFileType = wrapper.application; includeInIndex = 0; path = TestDraw.app; sourceTree = BUILT_PRODUCTS_DIR; };
		8AE720741F1A3293005B0043 /* AppDelegate.swift */ = {isa = PBXFileReference; lastKnownFileType = sourcecode.swift; path = AppDelegate.swift; sourceTree = "<group>"; };
		8AE7207B1F1A3293005B0043 /* Assets.xcassets */ = {isa = PBXFileReference; lastKnownFileType = folder.assetcatalog; path = Assets.xcassets; sourceTree = "<group>"; };
		8AE720801F1A3293005B0043 /* Info.plist */ = {isa = PBXFileReference; lastKnownFileType = text.plist.xml; path = Info.plist; sourceTree = "<group>"; };
		8AE7208B1F1A3614005B0043 /* Base.lproj */ = {isa = PBXFileReference; lastKnownFileType = folder; path = Base.lproj; sourceTree = "<group>"; };
		8AE7208D1F1A3637005B0043 /* image */ = {isa = PBXFileReference; lastKnownFileType = folder; path = image; sourceTree = "<group>"; };
		8AE7209C1F1CDE64005B0043 /* ViewController2.swift */ = {isa = PBXFileReference; fileEncoding = 4; lastKnownFileType = sourcecode.swift; name = ViewController2.swift; path = ViewController/ViewController2.swift; sourceTree = "<group>"; };
		8AE7209D1F1CDE64005B0043 /* ViewController2.xib */ = {isa = PBXFileReference; fileEncoding = 4; lastKnownFileType = file.xib; name = ViewController2.xib; path = ViewController/ViewController2.xib; sourceTree = "<group>"; };
		8AE720A01F1CDEB3005B0043 /* ViewController.swift */ = {isa = PBXFileReference; fileEncoding = 4; lastKnownFileType = sourcecode.swift; name = ViewController.swift; path = ViewController/ViewController.swift; sourceTree = "<group>"; };
		8AE720A11F1CDEB3005B0043 /* ViewController.xib */ = {isa = PBXFileReference; fileEncoding = 4; lastKnownFileType = file.xib; name = ViewController.xib; path = ViewController/ViewController.xib; sourceTree = "<group>"; };
		8AE720A41F1CDECF005B0043 /* TopView.swift */ = {isa = PBXFileReference; fileEncoding = 4; lastKnownFileType = sourcecode.swift; name = TopView.swift; path = View/TopView.swift; sourceTree = "<group>"; };
		8AE720A71F1CDF08005B0043 /* TopViewController.swift */ = {isa = PBXFileReference; fileEncoding = 4; lastKnownFileType = sourcecode.swift; name = TopViewController.swift; path = ViewController/TopViewController.swift; sourceTree = "<group>"; };
		8AE720AB1F1D96C7005B0043 /* SimpleView1.swift */ = {isa = PBXFileReference; fileEncoding = 4; lastKnownFileType = sourcecode.swift; name = SimpleView1.swift; path = View/SimpleView1.swift; sourceTree = "<group>"; };
		8AE720AD1F1D96D4005B0043 /* SimpleView2.swift */ = {isa = PBXFileReference; fileEncoding = 4; lastKnownFileType = sourcecode.swift; path = SimpleView2.swift; sourceTree = "<group>"; };
		8AE720B01F1D9902005B0043 /* UIView+mask.swift */ = {isa = PBXFileReference; fileEncoding = 4; lastKnownFileType = sourcecode.swift; name = "UIView+mask.swift"; path = "Extension/UIView+mask.swift"; sourceTree = "<group>"; };
		8AFDE2211F232AF80094860B /* EnumEnumerable.swift */ = {isa = PBXFileReference; fileEncoding = 4; lastKnownFileType = sourcecode.swift; name = EnumEnumerable.swift; path = Util/EnumEnumerable.swift; sourceTree = "<group>"; };
		8AFDE2271F232BCA0094860B /* CustomCell.swift */ = {isa = PBXFileReference; fileEncoding = 4; lastKnownFileType = sourcecode.swift; name = CustomCell.swift; path = UITable/CustomCell.swift; sourceTree = "<group>"; };
		8AFDE2281F232BCA0094860B /* CustomCell.xib */ = {isa = PBXFileReference; fileEncoding = 4; lastKnownFileType = file.xib; name = CustomCell.xib; path = UITable/CustomCell.xib; sourceTree = "<group>"; };
		8AFDE2291F232BCA0094860B /* TableViewController.swift */ = {isa = PBXFileReference; fileEncoding = 4; lastKnownFileType = sourcecode.swift; name = TableViewController.swift; path = UITable/TableViewController.swift; sourceTree = "<group>"; };
		8AFDE22A1F232BCA0094860B /* TableViewController.xib */ = {isa = PBXFileReference; fileEncoding = 4; lastKnownFileType = file.xib; name = TableViewController.xib; path = UITable/TableViewController.xib; sourceTree = "<group>"; };
		8AFDE22F1F232DFE0094860B /* Draw1ViewController.swift */ = {isa = PBXFileReference; fileEncoding = 4; lastKnownFileType = sourcecode.swift; name = Draw1ViewController.swift; path = ViewController/Draw1ViewController.swift; sourceTree = "<group>"; };
		8AFDE2301F232DFE0094860B /* Draw1ViewController.xib */ = {isa = PBXFileReference; fileEncoding = 4; lastKnownFileType = file.xib; name = Draw1ViewController.xib; path = ViewController/Draw1ViewController.xib; sourceTree = "<group>"; };
		8AFDE2331F232F3F0094860B /* TopViewController.xib */ = {isa = PBXFileReference; fileEncoding = 4; lastKnownFileType = file.xib; name = TopViewController.xib; path = ViewController/TopViewController.xib; sourceTree = "<group>"; };
		8AFDE2351F232FEF0094860B /* Draw2ViewController.swift */ = {isa = PBXFileReference; fileEncoding = 4; lastKnownFileType = sourcecode.swift; name = Draw2ViewController.swift; path = ViewController/Draw2ViewController.swift; sourceTree = "<group>"; };
		8AFDE2361F232FEF0094860B /* Draw2ViewController.xib */ = {isa = PBXFileReference; fileEncoding = 4; lastKnownFileType = file.xib; name = Draw2ViewController.xib; path = ViewController/Draw2ViewController.xib; sourceTree = "<group>"; };
		8AFDE2391F232FFE0094860B /* Draw3ViewController.swift */ = {isa = PBXFileReference; fileEncoding = 4; lastKnownFileType = sourcecode.swift; name = Draw3ViewController.swift; path = ViewController/Draw3ViewController.swift; sourceTree = "<group>"; };
		8AFDE23A1F232FFE0094860B /* Draw3ViewController.xib */ = {isa = PBXFileReference; fileEncoding = 4; lastKnownFileType = file.xib; name = Draw3ViewController.xib; path = ViewController/Draw3ViewController.xib; sourceTree = "<group>"; };
		8AFDE23D1F23300E0094860B /* Draw4ViewController.swift */ = {isa = PBXFileReference; fileEncoding = 4; lastKnownFileType = sourcecode.swift; name = Draw4ViewController.swift; path = ViewController/Draw4ViewController.swift; sourceTree = "<group>"; };
		8AFDE23E1F23300E0094860B /* Draw4ViewController.xib */ = {isa = PBXFileReference; fileEncoding = 4; lastKnownFileType = file.xib; name = Draw4ViewController.xib; path = ViewController/Draw4ViewController.xib; sourceTree = "<group>"; };
		8AFDE2411F2330220094860B /* Draw5ViewController.swift */ = {isa = PBXFileReference; fileEncoding = 4; lastKnownFileType = sourcecode.swift; name = Draw5ViewController.swift; path = ViewController/Draw5ViewController.swift; sourceTree = "<group>"; };
		8AFDE2421F2330220094860B /* Draw5ViewController.xib */ = {isa = PBXFileReference; fileEncoding = 4; lastKnownFileType = file.xib; name = Draw5ViewController.xib; path = ViewController/Draw5ViewController.xib; sourceTree = "<group>"; };
		8AFDE2451F2330370094860B /* Draw6ViewController.swift */ = {isa = PBXFileReference; fileEncoding = 4; lastKnownFileType = sourcecode.swift; name = Draw6ViewController.swift; path = ViewController/Draw6ViewController.swift; sourceTree = "<group>"; };
		8AFDE2461F2330370094860B /* Draw6ViewController.xib */ = {isa = PBXFileReference; fileEncoding = 4; lastKnownFileType = file.xib; name = Draw6ViewController.xib; path = ViewController/Draw6ViewController.xib; sourceTree = "<group>"; };
		8AFDE2491F2330440094860B /* Draw7ViewController.swift */ = {isa = PBXFileReference; fileEncoding = 4; lastKnownFileType = sourcecode.swift; name = Draw7ViewController.swift; path = ViewController/Draw7ViewController.swift; sourceTree = "<group>"; };
		8AFDE24A1F2330440094860B /* Draw7ViewController.xib */ = {isa = PBXFileReference; fileEncoding = 4; lastKnownFileType = file.xib; name = Draw7ViewController.xib; path = ViewController/Draw7ViewController.xib; sourceTree = "<group>"; };
		8AFDE24F1F2330D40094860B /* UNViewController.swift */ = {isa = PBXFileReference; fileEncoding = 4; lastKnownFileType = sourcecode.swift; name = UNViewController.swift; path = ViewController/UNViewController.swift; sourceTree = "<group>"; };
		8AFDE2511F2331560094860B /* CustomDrawView.swift */ = {isa = PBXFileReference; fileEncoding = 4; lastKnownFileType = sourcecode.swift; name = CustomDrawView.swift; path = View/CustomDrawView.swift; sourceTree = "<group>"; };
		8AFDE2531F2334980094860B /* UDraw.swift */ = {isa = PBXFileReference; fileEncoding = 4; lastKnownFileType = sourcecode.swift; name = UDraw.swift; path = Util/UDraw.swift; sourceTree = "<group>"; };
		8AFDE2551F2334E30094860B /* UDpi.swift */ = {isa = PBXFileReference; fileEncoding = 4; lastKnownFileType = sourcecode.swift; name = UDpi.swift; path = Util/UDpi.swift; sourceTree = "<group>"; };
		8AFDE2571F2335330094860B /* UAlignment.swift */ = {isa = PBXFileReference; fileEncoding = 4; lastKnownFileType = sourcecode.swift; name = UAlignment.swift; path = Util/UAlignment.swift; sourceTree = "<group>"; };
/* End PBXFileReference section */

/* Begin PBXFrameworksBuildPhase section */
		8AE7206E1F1A3293005B0043 /* Frameworks */ = {
			isa = PBXFrameworksBuildPhase;
			buildActionMask = 2147483647;
			files = (
			);
			runOnlyForDeploymentPostprocessing = 0;
		};
/* End PBXFrameworksBuildPhase section */

/* Begin PBXGroup section */
		8AE720681F1A3293005B0043 = {
			isa = PBXGroup;
			children = (
				8AE720731F1A3293005B0043 /* TestDraw */,
				8AE720721F1A3293005B0043 /* Products */,
			);
			sourceTree = "<group>";
		};
		8AE720721F1A3293005B0043 /* Products */ = {
			isa = PBXGroup;
			children = (
				8AE720711F1A3293005B0043 /* TestDraw.app */,
			);
			name = Products;
			sourceTree = "<group>";
		};
		8AE720731F1A3293005B0043 /* TestDraw */ = {
			isa = PBXGroup;
			children = (
				8AFDE2261F232BB90094860B /* UITable */,
				8AFDE2201F232ADF0094860B /* Util */,
				8AE720AF1F1D98E0005B0043 /* Extension */,
				8AE720A61F1CDED2005B0043 /* View */,
				8AE7209B1F1CDE42005B0043 /* ViewController */,
				8AE7208B1F1A3614005B0043 /* Base.lproj */,
				8AE720741F1A3293005B0043 /* AppDelegate.swift */,
				8AE7207B1F1A3293005B0043 /* Assets.xcassets */,
				8AE720801F1A3293005B0043 /* Info.plist */,
				8AE7208D1F1A3637005B0043 /* image */,
			);
			path = TestDraw;
			sourceTree = "<group>";
		};
		8AE7209B1F1CDE42005B0043 /* ViewController */ = {
			isa = PBXGroup;
			children = (
				8AE720A71F1CDF08005B0043 /* TopViewController.swift */,
				8AFDE2331F232F3F0094860B /* TopViewController.xib */,
				8AE720A01F1CDEB3005B0043 /* ViewController.swift */,
				8AE720A11F1CDEB3005B0043 /* ViewController.xib */,
				8AE7209C1F1CDE64005B0043 /* ViewController2.swift */,
				8AE7209D1F1CDE64005B0043 /* ViewController2.xib */,
				8AFDE22F1F232DFE0094860B /* Draw1ViewController.swift */,
				8AFDE2301F232DFE0094860B /* Draw1ViewController.xib */,
				8AFDE2351F232FEF0094860B /* Draw2ViewController.swift */,
				8AFDE2361F232FEF0094860B /* Draw2ViewController.xib */,
				8AFDE2391F232FFE0094860B /* Draw3ViewController.swift */,
				8AFDE23A1F232FFE0094860B /* Draw3ViewController.xib */,
				8AFDE23D1F23300E0094860B /* Draw4ViewController.swift */,
				8AFDE23E1F23300E0094860B /* Draw4ViewController.xib */,
				8AFDE2411F2330220094860B /* Draw5ViewController.swift */,
				8AFDE2421F2330220094860B /* Draw5ViewController.xib */,
				8AFDE2451F2330370094860B /* Draw6ViewController.swift */,
				8AFDE2461F2330370094860B /* Draw6ViewController.xib */,
				8AFDE2491F2330440094860B /* Draw7ViewController.swift */,
				8AFDE24A1F2330440094860B /* Draw7ViewController.xib */,
				8AFDE24F1F2330D40094860B /* UNViewController.swift */,
			);
			name = ViewController;
			sourceTree = "<group>";
		};
		8AE720A61F1CDED2005B0043 /* View */ = {
			isa = PBXGroup;
			children = (
				8AE720A41F1CDECF005B0043 /* TopView.swift */,
				8AE720AB1F1D96C7005B0043 /* SimpleView1.swift */,
				8AE720AD1F1D96D4005B0043 /* SimpleView2.swift */,
				8AFDE2511F2331560094860B /* CustomDrawView.swift */,
			);
			name = View;
			sourceTree = "<group>";
		};
		8AE720AF1F1D98E0005B0043 /* Extension */ = {
			isa = PBXGroup;
			children = (
				8AE720B01F1D9902005B0043 /* UIView+mask.swift */,
			);
			name = Extension;
			sourceTree = "<group>";
		};
		8AFDE2201F232ADF0094860B /* Util */ = {
			isa = PBXGroup;
			children = (
				8AFDE2211F232AF80094860B /* EnumEnumerable.swift */,
				8AFDE2531F2334980094860B /* UDraw.swift */,
				8AFDE2551F2334E30094860B /* UDpi.swift */,
				8AFDE2571F2335330094860B /* UAlignment.swift */,
			);
			name = Util;
			sourceTree = "<group>";
		};
		8AFDE2261F232BB90094860B /* UITable */ = {
			isa = PBXGroup;
			children = (
				8AFDE2271F232BCA0094860B /* CustomCell.swift */,
				8AFDE2281F232BCA0094860B /* CustomCell.xib */,
				8AFDE2291F232BCA0094860B /* TableViewController.swift */,
				8AFDE22A1F232BCA0094860B /* TableViewController.xib */,
			);
			name = UITable;
			sourceTree = "<group>";
		};
/* End PBXGroup section */

/* Begin PBXNativeTarget section */
		8AE720701F1A3293005B0043 /* TestDraw */ = {
			isa = PBXNativeTarget;
			buildConfigurationList = 8AE720831F1A3293005B0043 /* Build configuration list for PBXNativeTarget "TestDraw" */;
			buildPhases = (
				8AE7206D1F1A3293005B0043 /* Sources */,
				8AE7206E1F1A3293005B0043 /* Frameworks */,
				8AE7206F1F1A3293005B0043 /* Resources */,
			);
			buildRules = (
			);
			dependencies = (
			);
			name = TestDraw;
			productName = TestDraw;
			productReference = 8AE720711F1A3293005B0043 /* TestDraw.app */;
			productType = "com.apple.product-type.application";
		};
/* End PBXNativeTarget section */

/* Begin PBXProject section */
		8AE720691F1A3293005B0043 /* Project object */ = {
			isa = PBXProject;
			attributes = {
				LastSwiftUpdateCheck = 0820;
				LastUpgradeCheck = 0820;
				ORGANIZATIONNAME = "Sun Sun Soft";
				TargetAttributes = {
					8AE720701F1A3293005B0043 = {
						CreatedOnToolsVersion = 8.2.1;
						ProvisioningStyle = Automatic;
					};
				};
			};
			buildConfigurationList = 8AE7206C1F1A3293005B0043 /* Build configuration list for PBXProject "TestDraw" */;
			compatibilityVersion = "Xcode 3.2";
			developmentRegion = English;
			hasScannedForEncodings = 0;
			knownRegions = (
				en,
				Base,
			);
			mainGroup = 8AE720681F1A3293005B0043;
			productRefGroup = 8AE720721F1A3293005B0043 /* Products */;
			projectDirPath = "";
			projectRoot = "";
			targets = (
				8AE720701F1A3293005B0043 /* TestDraw */,
			);
		};
/* End PBXProject section */

/* Begin PBXResourcesBuildPhase section */
		8AE7206F1F1A3293005B0043 /* Resources */ = {
			isa = PBXResourcesBuildPhase;
			buildActionMask = 2147483647;
			files = (
				8AE720A31F1CDEB3005B0043 /* ViewController.xib in Resources */,
				8AFDE2481F2330370094860B /* Draw6ViewController.xib in Resources */,
				8AFDE2441F2330220094860B /* Draw5ViewController.xib in Resources */,
				8AFDE2381F232FEF0094860B /* Draw2ViewController.xib in Resources */,
				8AE7209F1F1CDE65005B0043 /* ViewController2.xib in Resources */,
				8AFDE24C1F2330440094860B /* Draw7ViewController.xib in Resources */,
				8AFDE22C1F232BCA0094860B /* CustomCell.xib in Resources */,
				8AE7208E1F1A3637005B0043 /* image in Resources */,
				8AE7208C1F1A3614005B0043 /* Base.lproj in Resources */,
				8AFDE23C1F232FFE0094860B /* Draw3ViewController.xib in Resources */,
				8AFDE2341F232F3F0094860B /* TopViewController.xib in Resources */,
				8AFDE2321F232DFE0094860B /* Draw1ViewController.xib in Resources */,
				8AFDE2401F23300E0094860B /* Draw4ViewController.xib in Resources */,
				8AE7207C1F1A3293005B0043 /* Assets.xcassets in Resources */,
				8AFDE22E1F232BCA0094860B /* TableViewController.xib in Resources */,
			);
			runOnlyForDeploymentPostprocessing = 0;
		};
/* End PBXResourcesBuildPhase section */

/* Begin PBXSourcesBuildPhase section */
		8AE7206D1F1A3293005B0043 /* Sources */ = {
			isa = PBXSourcesBuildPhase;
			buildActionMask = 2147483647;
			files = (
				8AE720AE1F1D96D4005B0043 /* SimpleView2.swift in Sources */,
				8AFDE2471F2330370094860B /* Draw6ViewController.swift in Sources */,
				8AE720A21F1CDEB3005B0043 /* ViewController.swift in Sources */,
				8AFDE2561F2334E30094860B /* UDpi.swift in Sources */,
				8AFDE22B1F232BCA0094860B /* CustomCell.swift in Sources */,
				8AFDE2221F232AF80094860B /* EnumEnumerable.swift in Sources */,
				8AFDE2501F2330D40094860B /* UNViewController.swift in Sources */,
				8AE7209E1F1CDE65005B0043 /* ViewController2.swift in Sources */,
				8AFDE2521F2331560094860B /* CustomDrawView.swift in Sources */,
				8AFDE23F1F23300E0094860B /* Draw4ViewController.swift in Sources */,
				8AFDE2581F2335330094860B /* UAlignment.swift in Sources */,
				8AFDE2431F2330220094860B /* Draw5ViewController.swift in Sources */,
				8AE720AC1F1D96C7005B0043 /* SimpleView1.swift in Sources */,
				8AFDE22D1F232BCA0094860B /* TableViewController.swift in Sources */,
				8AE720B11F1D9902005B0043 /* UIView+mask.swift in Sources */,
				8AE720A51F1CDECF005B0043 /* TopView.swift in Sources */,
				8AE720751F1A3293005B0043 /* AppDelegate.swift in Sources */,
				8AFDE2541F2334980094860B /* UDraw.swift in Sources */,
				8AFDE23B1F232FFE0094860B /* Draw3ViewController.swift in Sources */,
				8AFDE2371F232FEF0094860B /* Draw2ViewController.swift in Sources */,
				8AFDE2311F232DFE0094860B /* Draw1ViewController.swift in Sources */,
				8AFDE24B1F2330440094860B /* Draw7ViewController.swift in Sources */,
				8AE720A91F1CDF08005B0043 /* TopViewController.swift in Sources */,
			);
			runOnlyForDeploymentPostprocessing = 0;
		};
/* End PBXSourcesBuildPhase section */

/* Begin XCBuildConfiguration section */
		8AE720811F1A3293005B0043 /* Debug */ = {
			isa = XCBuildConfiguration;
			buildSettings = {
				ALWAYS_SEARCH_USER_PATHS = NO;
				CLANG_ANALYZER_NONNULL = YES;
				CLANG_CXX_LANGUAGE_STANDARD = "gnu++0x";
				CLANG_CXX_LIBRARY = "libc++";
				CLANG_ENABLE_MODULES = YES;
				CLANG_ENABLE_OBJC_ARC = YES;
				CLANG_WARN_BOOL_CONVERSION = YES;
				CLANG_WARN_CONSTANT_CONVERSION = YES;
				CLANG_WARN_DIRECT_OBJC_ISA_USAGE = YES_ERROR;
				CLANG_WARN_DOCUMENTATION_COMMENTS = YES;
				CLANG_WARN_EMPTY_BODY = YES;
				CLANG_WARN_ENUM_CONVERSION = YES;
				CLANG_WARN_INFINITE_RECURSION = YES;
				CLANG_WARN_INT_CONVERSION = YES;
				CLANG_WARN_OBJC_ROOT_CLASS = YES_ERROR;
				CLANG_WARN_SUSPICIOUS_MOVE = YES;
				CLANG_WARN_UNREACHABLE_CODE = YES;
				CLANG_WARN__DUPLICATE_METHOD_MATCH = YES;
				"CODE_SIGN_IDENTITY[sdk=iphoneos*]" = "iPhone Developer";
				COPY_PHASE_STRIP = NO;
				DEBUG_INFORMATION_FORMAT = dwarf;
				ENABLE_STRICT_OBJC_MSGSEND = YES;
				ENABLE_TESTABILITY = YES;
				GCC_C_LANGUAGE_STANDARD = gnu99;
				GCC_DYNAMIC_NO_PIC = NO;
				GCC_NO_COMMON_BLOCKS = YES;
				GCC_OPTIMIZATION_LEVEL = 0;
				GCC_PREPROCESSOR_DEFINITIONS = (
					"DEBUG=1",
					"$(inherited)",
				);
				GCC_WARN_64_TO_32_BIT_CONVERSION = YES;
				GCC_WARN_ABOUT_RETURN_TYPE = YES_ERROR;
				GCC_WARN_UNDECLARED_SELECTOR = YES;
				GCC_WARN_UNINITIALIZED_AUTOS = YES_AGGRESSIVE;
				GCC_WARN_UNUSED_FUNCTION = YES;
				GCC_WARN_UNUSED_VARIABLE = YES;
				IPHONEOS_DEPLOYMENT_TARGET = 10.2;
				MTL_ENABLE_DEBUG_INFO = YES;
				ONLY_ACTIVE_ARCH = YES;
				SDKROOT = iphoneos;
				SWIFT_ACTIVE_COMPILATION_CONDITIONS = DEBUG;
				SWIFT_OPTIMIZATION_LEVEL = "-Onone";
				TARGETED_DEVICE_FAMILY = "1,2";
			};
			name = Debug;
		};
		8AE720821F1A3293005B0043 /* Release */ = {
			isa = XCBuildConfiguration;
			buildSettings = {
				ALWAYS_SEARCH_USER_PATHS = NO;
				CLANG_ANALYZER_NONNULL = YES;
				CLANG_CXX_LANGUAGE_STANDARD = "gnu++0x";
				CLANG_CXX_LIBRARY = "libc++";
				CLANG_ENABLE_MODULES = YES;
				CLANG_ENABLE_OBJC_ARC = YES;
				CLANG_WARN_BOOL_CONVERSION = YES;
				CLANG_WARN_CONSTANT_CONVERSION = YES;
				CLANG_WARN_DIRECT_OBJC_ISA_USAGE = YES_ERROR;
				CLANG_WARN_DOCUMENTATION_COMMENTS = YES;
				CLANG_WARN_EMPTY_BODY = YES;
				CLANG_WARN_ENUM_CONVERSION = YES;
				CLANG_WARN_INFINITE_RECURSION = YES;
				CLANG_WARN_INT_CONVERSION = YES;
				CLANG_WARN_OBJC_ROOT_CLASS = YES_ERROR;
				CLANG_WARN_SUSPICIOUS_MOVE = YES;
				CLANG_WARN_UNREACHABLE_CODE = YES;
				CLANG_WARN__DUPLICATE_METHOD_MATCH = YES;
				"CODE_SIGN_IDENTITY[sdk=iphoneos*]" = "iPhone Developer";
				COPY_PHASE_STRIP = NO;
				DEBUG_INFORMATION_FORMAT = "dwarf-with-dsym";
				ENABLE_NS_ASSERTIONS = NO;
				ENABLE_STRICT_OBJC_MSGSEND = YES;
				GCC_C_LANGUAGE_STANDARD = gnu99;
				GCC_NO_COMMON_BLOCKS = YES;
				GCC_WARN_64_TO_32_BIT_CONVERSION = YES;
				GCC_WARN_ABOUT_RETURN_TYPE = YES_ERROR;
				GCC_WARN_UNDECLARED_SELECTOR = YES;
				GCC_WARN_UNINITIALIZED_AUTOS = YES_AGGRESSIVE;
				GCC_WARN_UNUSED_FUNCTION = YES;
				GCC_WARN_UNUSED_VARIABLE = YES;
				IPHONEOS_DEPLOYMENT_TARGET = 10.2;
				MTL_ENABLE_DEBUG_INFO = NO;
				SDKROOT = iphoneos;
				SWIFT_OPTIMIZATION_LEVEL = "-Owholemodule";
				TARGETED_DEVICE_FAMILY = "1,2";
				VALIDATE_PRODUCT = YES;
			};
			name = Release;
		};
		8AE720841F1A3293005B0043 /* Debug */ = {
			isa = XCBuildConfiguration;
			buildSettings = {
				ASSETCATALOG_COMPILER_APPICON_NAME = AppIcon;
				INFOPLIST_FILE = TestDraw/Info.plist;
				LD_RUNPATH_SEARCH_PATHS = "$(inherited) @executable_path/Frameworks";
				PRODUCT_BUNDLE_IDENTIFIER = sunsunsoft.TestDraw;
				PRODUCT_NAME = "$(TARGET_NAME)";
				SWIFT_VERSION = 3.0;
			};
			name = Debug;
		};
		8AE720851F1A3293005B0043 /* Release */ = {
			isa = XCBuildConfiguration;
			buildSettings = {
				ASSETCATALOG_COMPILER_APPICON_NAME = AppIcon;
				INFOPLIST_FILE = TestDraw/Info.plist;
				LD_RUNPATH_SEARCH_PATHS = "$(inherited) @executable_path/Frameworks";
				PRODUCT_BUNDLE_IDENTIFIER = sunsunsoft.TestDraw;
				PRODUCT_NAME = "$(TARGET_NAME)";
				SWIFT_VERSION = 3.0;
			};
			name = Release;
		};
/* End XCBuildConfiguration section */

/* Begin XCConfigurationList section */
		8AE7206C1F1A3293005B0043 /* Build configuration list for PBXProject "TestDraw" */ = {
			isa = XCConfigurationList;
			buildConfigurations = (
				8AE720811F1A3293005B0043 /* Debug */,
				8AE720821F1A3293005B0043 /* Release */,
			);
			defaultConfigurationIsVisible = 0;
			defaultConfigurationName = Release;
		};
		8AE720831F1A3293005B0043 /* Build configuration list for PBXNativeTarget "TestDraw" */ = {
			isa = XCConfigurationList;
			buildConfigurations = (
				8AE720841F1A3293005B0043 /* Debug */,
				8AE720851F1A3293005B0043 /* Release */,
			);
			defaultConfigurationIsVisible = 0;
			defaultConfigurationName = Release;
		};
/* End XCConfigurationList section */
	};
	rootObject = 8AE720691F1A3293005B0043 /* Project object */;
}
