// !$*UTF8*$!
{
	archiveVersion = 1;
	classes = {
	};
	objectVersion = 46;
	objects = {

/* Begin PBXBuildFile section */
		8A54CCB11D7E4A13009BBB38 /* AppDelegate.swift in Sources */ = {isa = PBXBuildFile; fileRef = 8A54CCB01D7E4A13009BBB38 /* AppDelegate.swift */; };
		8A54CCB91D7E4A13009BBB38 /* StorageTest.xcdatamodeld in Sources */ = {isa = PBXBuildFile; fileRef = 8A54CCB71D7E4A13009BBB38 /* StorageTest.xcdatamodeld */; };
		8A54CCBB1D7E4A13009BBB38 /* Assets.xcassets in Resources */ = {isa = PBXBuildFile; fileRef = 8A54CCBA1D7E4A13009BBB38 /* Assets.xcassets */; };
		8A54CCCA1D7E4F96009BBB38 /* UserDefaultViewController.swift in Sources */ = {isa = PBXBuildFile; fileRef = 8A54CCC81D7E4F96009BBB38 /* UserDefaultViewController.swift */; };
		8A54CCCB1D7E4F96009BBB38 /* UserDefaultViewController.xib in Resources */ = {isa = PBXBuildFile; fileRef = 8A54CCC91D7E4F96009BBB38 /* UserDefaultViewController.xib */; };
		8A54CCCE1D7E5DC2009BBB38 /* FileManagerViewController.swift in Sources */ = {isa = PBXBuildFile; fileRef = 8A54CCCC1D7E5DC2009BBB38 /* FileManagerViewController.swift */; };
		8A54CCCF1D7E5DC2009BBB38 /* FileManagerViewController.xib in Resources */ = {isa = PBXBuildFile; fileRef = 8A54CCCD1D7E5DC2009BBB38 /* FileManagerViewController.xib */; };
		8A63EE711D7F8F50006266C5 /* MemoStoreViewController.swift in Sources */ = {isa = PBXBuildFile; fileRef = 8A63EE6F1D7F8F50006266C5 /* MemoStoreViewController.swift */; };
		8A63EE721D7F8F50006266C5 /* MemoStoreViewController.xib in Resources */ = {isa = PBXBuildFile; fileRef = 8A63EE701D7F8F50006266C5 /* MemoStoreViewController.xib */; };
		8A63EE821D7FA156006266C5 /* PersonStoreViewController.swift in Sources */ = {isa = PBXBuildFile; fileRef = 8A63EE801D7FA156006266C5 /* PersonStoreViewController.swift */; };
		8A63EE831D7FA156006266C5 /* PersonStoreViewController.xib in Resources */ = {isa = PBXBuildFile; fileRef = 8A63EE811D7FA156006266C5 /* PersonStoreViewController.xib */; };
		8A63EE8E1D7FB12B006266C5 /* MemoStore+CoreDataProperties.swift in Sources */ = {isa = PBXBuildFile; fileRef = 8A63EE8C1D7FB12B006266C5 /* MemoStore+CoreDataProperties.swift */; };
		8A63EE8F1D7FB12B006266C5 /* MemoStore.swift in Sources */ = {isa = PBXBuildFile; fileRef = 8A63EE8D1D7FB12B006266C5 /* MemoStore.swift */; };
		8A63EE921D7FD24F006266C5 /* PersonStore+CoreDataProperties.swift in Sources */ = {isa = PBXBuildFile; fileRef = 8A63EE901D7FD24F006266C5 /* PersonStore+CoreDataProperties.swift */; };
		8A63EE931D7FD24F006266C5 /* PersonStore.swift in Sources */ = {isa = PBXBuildFile; fileRef = 8A63EE911D7FD24F006266C5 /* PersonStore.swift */; };
/* End PBXBuildFile section */

/* Begin PBXFileReference section */
		8A54CCAD1D7E4A13009BBB38 /* StorageTest.app */ = {isa = PBXFileReference; explicitFileType = wrapper.application; includeInIndex = 0; path = StorageTest.app; sourceTree = BUILT_PRODUCTS_DIR; };
		8A54CCB01D7E4A13009BBB38 /* AppDelegate.swift */ = {isa = PBXFileReference; lastKnownFileType = sourcecode.swift; path = AppDelegate.swift; sourceTree = "<group>"; };
		8A54CCB81D7E4A13009BBB38 /* StorageTest.xcdatamodel */ = {isa = PBXFileReference; lastKnownFileType = wrapper.xcdatamodel; path = StorageTest.xcdatamodel; sourceTree = "<group>"; };
		8A54CCBA1D7E4A13009BBB38 /* Assets.xcassets */ = {isa = PBXFileReference; lastKnownFileType = folder.assetcatalog; path = Assets.xcassets; sourceTree = "<group>"; };
		8A54CCBF1D7E4A13009BBB38 /* Info.plist */ = {isa = PBXFileReference; lastKnownFileType = text.plist.xml; path = Info.plist; sourceTree = "<group>"; };
		8A54CCC81D7E4F96009BBB38 /* UserDefaultViewController.swift */ = {isa = PBXFileReference; fileEncoding = 4; lastKnownFileType = sourcecode.swift; path = UserDefaultViewController.swift; sourceTree = "<group>"; };
		8A54CCC91D7E4F96009BBB38 /* UserDefaultViewController.xib */ = {isa = PBXFileReference; fileEncoding = 4; lastKnownFileType = file.xib; path = UserDefaultViewController.xib; sourceTree = "<group>"; };
		8A54CCCC1D7E5DC2009BBB38 /* FileManagerViewController.swift */ = {isa = PBXFileReference; fileEncoding = 4; lastKnownFileType = sourcecode.swift; path = FileManagerViewController.swift; sourceTree = "<group>"; };
		8A54CCCD1D7E5DC2009BBB38 /* FileManagerViewController.xib */ = {isa = PBXFileReference; fileEncoding = 4; lastKnownFileType = file.xib; path = FileManagerViewController.xib; sourceTree = "<group>"; };
		8A63EE6F1D7F8F50006266C5 /* MemoStoreViewController.swift */ = {isa = PBXFileReference; fileEncoding = 4; lastKnownFileType = sourcecode.swift; path = MemoStoreViewController.swift; sourceTree = "<group>"; };
		8A63EE701D7F8F50006266C5 /* MemoStoreViewController.xib */ = {isa = PBXFileReference; fileEncoding = 4; lastKnownFileType = file.xib; path = MemoStoreViewController.xib; sourceTree = "<group>"; };
		8A63EE801D7FA156006266C5 /* PersonStoreViewController.swift */ = {isa = PBXFileReference; fileEncoding = 4; lastKnownFileType = sourcecode.swift; path = PersonStoreViewController.swift; sourceTree = "<group>"; };
		8A63EE811D7FA156006266C5 /* PersonStoreViewController.xib */ = {isa = PBXFileReference; fileEncoding = 4; lastKnownFileType = file.xib; path = PersonStoreViewController.xib; sourceTree = "<group>"; };
		8A63EE8C1D7FB12B006266C5 /* MemoStore+CoreDataProperties.swift */ = {isa = PBXFileReference; fileEncoding = 4; lastKnownFileType = sourcecode.swift; path = "MemoStore+CoreDataProperties.swift"; sourceTree = "<group>"; };
		8A63EE8D1D7FB12B006266C5 /* MemoStore.swift */ = {isa = PBXFileReference; fileEncoding = 4; lastKnownFileType = sourcecode.swift; path = MemoStore.swift; sourceTree = "<group>"; };
		8A63EE901D7FD24F006266C5 /* PersonStore+CoreDataProperties.swift */ = {isa = PBXFileReference; fileEncoding = 4; lastKnownFileType = sourcecode.swift; path = "PersonStore+CoreDataProperties.swift"; sourceTree = "<group>"; };
		8A63EE911D7FD24F006266C5 /* PersonStore.swift */ = {isa = PBXFileReference; fileEncoding = 4; lastKnownFileType = sourcecode.swift; path = PersonStore.swift; sourceTree = "<group>"; };
/* End PBXFileReference section */

/* Begin PBXFrameworksBuildPhase section */
		8A54CCAA1D7E4A13009BBB38 /* Frameworks */ = {
			isa = PBXFrameworksBuildPhase;
			buildActionMask = 2147483647;
			files = (
			);
			runOnlyForDeploymentPostprocessing = 0;
		};
/* End PBXFrameworksBuildPhase section */

/* Begin PBXGroup section */
		8A54CCA41D7E4A13009BBB38 = {
			isa = PBXGroup;
			children = (
				8A54CCAF1D7E4A13009BBB38 /* StorageTest */,
				8A54CCAE1D7E4A13009BBB38 /* Products */,
			);
			sourceTree = "<group>";
		};
		8A54CCAE1D7E4A13009BBB38 /* Products */ = {
			isa = PBXGroup;
			children = (
				8A54CCAD1D7E4A13009BBB38 /* StorageTest.app */,
			);
			name = Products;
			sourceTree = "<group>";
		};
		8A54CCAF1D7E4A13009BBB38 /* StorageTest */ = {
			isa = PBXGroup;
			children = (
				8A54CCC71D7E4D05009BBB38 /* CoreData */,
				8A54CCC61D7E4CFE009BBB38 /* FileManager */,
				8A54CCC51D7E4CF6009BBB38 /* UserDefault */,
				8A54CCB01D7E4A13009BBB38 /* AppDelegate.swift */,
				8A54CCBA1D7E4A13009BBB38 /* Assets.xcassets */,
				8A54CCBF1D7E4A13009BBB38 /* Info.plist */,
				8A54CCB71D7E4A13009BBB38 /* StorageTest.xcdatamodeld */,
			);
			path = StorageTest;
			sourceTree = "<group>";
		};
		8A54CCC51D7E4CF6009BBB38 /* UserDefault */ = {
			isa = PBXGroup;
			children = (
				8A54CCC81D7E4F96009BBB38 /* UserDefaultViewController.swift */,
				8A54CCC91D7E4F96009BBB38 /* UserDefaultViewController.xib */,
			);
			name = UserDefault;
			sourceTree = "<group>";
		};
		8A54CCC61D7E4CFE009BBB38 /* FileManager */ = {
			isa = PBXGroup;
			children = (
				8A54CCCC1D7E5DC2009BBB38 /* FileManagerViewController.swift */,
				8A54CCCD1D7E5DC2009BBB38 /* FileManagerViewController.xib */,
			);
			name = FileManager;
			sourceTree = "<group>";
		};
		8A54CCC71D7E4D05009BBB38 /* CoreData */ = {
			isa = PBXGroup;
			children = (
				8A63EE731D7F9334006266C5 /* Store */,
				8A63EE6F1D7F8F50006266C5 /* MemoStoreViewController.swift */,
				8A63EE701D7F8F50006266C5 /* MemoStoreViewController.xib */,
				8A63EE801D7FA156006266C5 /* PersonStoreViewController.swift */,
				8A63EE811D7FA156006266C5 /* PersonStoreViewController.xib */,
			);
			name = CoreData;
			sourceTree = "<group>";
		};
		8A63EE731D7F9334006266C5 /* Store */ = {
			isa = PBXGroup;
			children = (
				8A63EE901D7FD24F006266C5 /* PersonStore+CoreDataProperties.swift */,
				8A63EE911D7FD24F006266C5 /* PersonStore.swift */,
				8A63EE8C1D7FB12B006266C5 /* MemoStore+CoreDataProperties.swift */,
				8A63EE8D1D7FB12B006266C5 /* MemoStore.swift */,
			);
			name = Store;
			sourceTree = "<group>";
		};
/* End PBXGroup section */

/* Begin PBXNativeTarget section */
		8A54CCAC1D7E4A13009BBB38 /* StorageTest */ = {
			isa = PBXNativeTarget;
			buildConfigurationList = 8A54CCC21D7E4A13009BBB38 /* Build configuration list for PBXNativeTarget "StorageTest" */;
			buildPhases = (
				8A54CCA91D7E4A13009BBB38 /* Sources */,
				8A54CCAA1D7E4A13009BBB38 /* Frameworks */,
				8A54CCAB1D7E4A13009BBB38 /* Resources */,
			);
			buildRules = (
			);
			dependencies = (
			);
			name = StorageTest;
			productName = StorageTest;
			productReference = 8A54CCAD1D7E4A13009BBB38 /* StorageTest.app */;
			productType = "com.apple.product-type.application";
		};
/* End PBXNativeTarget section */

/* Begin PBXProject section */
		8A54CCA51D7E4A13009BBB38 /* Project object */ = {
			isa = PBXProject;
			attributes = {
				LastSwiftUpdateCheck = 0730;
				LastUpgradeCheck = 0730;
				ORGANIZATIONNAME = "Shusuke Unno";
				TargetAttributes = {
					8A54CCAC1D7E4A13009BBB38 = {
						CreatedOnToolsVersion = 7.3.1;
					};
				};
			};
			buildConfigurationList = 8A54CCA81D7E4A13009BBB38 /* Build configuration list for PBXProject "StorageTest" */;
			compatibilityVersion = "Xcode 3.2";
			developmentRegion = English;
			hasScannedForEncodings = 0;
			knownRegions = (
				en,
				Base,
			);
			mainGroup = 8A54CCA41D7E4A13009BBB38;
			productRefGroup = 8A54CCAE1D7E4A13009BBB38 /* Products */;
			projectDirPath = "";
			projectRoot = "";
			targets = (
				8A54CCAC1D7E4A13009BBB38 /* StorageTest */,
			);
		};
/* End PBXProject section */

/* Begin PBXResourcesBuildPhase section */
		8A54CCAB1D7E4A13009BBB38 /* Resources */ = {
			isa = PBXResourcesBuildPhase;
			buildActionMask = 2147483647;
			files = (
				8A54CCBB1D7E4A13009BBB38 /* Assets.xcassets in Resources */,
				8A63EE831D7FA156006266C5 /* PersonStoreViewController.xib in Resources */,
				8A63EE721D7F8F50006266C5 /* MemoStoreViewController.xib in Resources */,
				8A54CCCF1D7E5DC2009BBB38 /* FileManagerViewController.xib in Resources */,
				8A54CCCB1D7E4F96009BBB38 /* UserDefaultViewController.xib in Resources */,
			);
			runOnlyForDeploymentPostprocessing = 0;
		};
/* End PBXResourcesBuildPhase section */

/* Begin PBXSourcesBuildPhase section */
		8A54CCA91D7E4A13009BBB38 /* Sources */ = {
			isa = PBXSourcesBuildPhase;
			buildActionMask = 2147483647;
			files = (
				8A54CCCE1D7E5DC2009BBB38 /* FileManagerViewController.swift in Sources */,
				8A54CCB91D7E4A13009BBB38 /* StorageTest.xcdatamodeld in Sources */,
				8A54CCCA1D7E4F96009BBB38 /* UserDefaultViewController.swift in Sources */,
				8A63EE711D7F8F50006266C5 /* MemoStoreViewController.swift in Sources */,
				8A63EE931D7FD24F006266C5 /* PersonStore.swift in Sources */,
				8A54CCB11D7E4A13009BBB38 /* AppDelegate.swift in Sources */,
				8A63EE921D7FD24F006266C5 /* PersonStore+CoreDataProperties.swift in Sources */,
				8A63EE821D7FA156006266C5 /* PersonStoreViewController.swift in Sources */,
				8A63EE8F1D7FB12B006266C5 /* MemoStore.swift in Sources */,
				8A63EE8E1D7FB12B006266C5 /* MemoStore+CoreDataProperties.swift in Sources */,
			);
			runOnlyForDeploymentPostprocessing = 0;
		};
/* End PBXSourcesBuildPhase section */

/* Begin XCBuildConfiguration section */
		8A54CCC01D7E4A13009BBB38 /* Debug */ = {
			isa = XCBuildConfiguration;
			buildSettings = {
				ALWAYS_SEARCH_USER_PATHS = NO;
				CLANG_ANALYZER_NONNULL = YES;
				CLANG_CXX_LANGUAGE_STANDARD = "gnu++0x";
				CLANG_CXX_LIBRARY = "libc++";
				CLANG_ENABLE_MODULES = YES;
				CLANG_ENABLE_OBJC_ARC = YES;
				CLANG_WARN_BOOL_CONVERSION = YES;
				CLANG_WARN_CONSTANT_CONVERSION = YES;
				CLANG_WARN_DIRECT_OBJC_ISA_USAGE = YES_ERROR;
				CLANG_WARN_EMPTY_BODY = YES;
				CLANG_WARN_ENUM_CONVERSION = YES;
				CLANG_WARN_INT_CONVERSION = YES;
				CLANG_WARN_OBJC_ROOT_CLASS = YES_ERROR;
				CLANG_WARN_UNREACHABLE_CODE = YES;
				CLANG_WARN__DUPLICATE_METHOD_MATCH = YES;
				"CODE_SIGN_IDENTITY[sdk=iphoneos*]" = "iPhone Developer";
				COPY_PHASE_STRIP = NO;
				DEBUG_INFORMATION_FORMAT = dwarf;
				ENABLE_STRICT_OBJC_MSGSEND = YES;
				ENABLE_TESTABILITY = YES;
				GCC_C_LANGUAGE_STANDARD = gnu99;
				GCC_DYNAMIC_NO_PIC = NO;
				GCC_NO_COMMON_BLOCKS = YES;
				GCC_OPTIMIZATION_LEVEL = 0;
				GCC_PREPROCESSOR_DEFINITIONS = (
					"DEBUG=1",
					"$(inherited)",
				);
				GCC_WARN_64_TO_32_BIT_CONVERSION = YES;
				GCC_WARN_ABOUT_RETURN_TYPE = YES_ERROR;
				GCC_WARN_UNDECLARED_SELECTOR = YES;
				GCC_WARN_UNINITIALIZED_AUTOS = YES_AGGRESSIVE;
				GCC_WARN_UNUSED_FUNCTION = YES;
				GCC_WARN_UNUSED_VARIABLE = YES;
				IPHONEOS_DEPLOYMENT_TARGET = 9.3;
				MTL_ENABLE_DEBUG_INFO = YES;
				ONLY_ACTIVE_ARCH = YES;
				SDKROOT = iphoneos;
				SWIFT_OPTIMIZATION_LEVEL = "-Onone";
				TARGETED_DEVICE_FAMILY = "1,2";
			};
			name = Debug;
		};
		8A54CCC11D7E4A13009BBB38 /* Release */ = {
			isa = XCBuildConfiguration;
			buildSettings = {
				ALWAYS_SEARCH_USER_PATHS = NO;
				CLANG_ANALYZER_NONNULL = YES;
				CLANG_CXX_LANGUAGE_STANDARD = "gnu++0x";
				CLANG_CXX_LIBRARY = "libc++";
				CLANG_ENABLE_MODULES = YES;
				CLANG_ENABLE_OBJC_ARC = YES;
				CLANG_WARN_BOOL_CONVERSION = YES;
				CLANG_WARN_CONSTANT_CONVERSION = YES;
				CLANG_WARN_DIRECT_OBJC_ISA_USAGE = YES_ERROR;
				CLANG_WARN_EMPTY_BODY = YES;
				CLANG_WARN_ENUM_CONVERSION = YES;
				CLANG_WARN_INT_CONVERSION = YES;
				CLANG_WARN_OBJC_ROOT_CLASS = YES_ERROR;
				CLANG_WARN_UNREACHABLE_CODE = YES;
				CLANG_WARN__DUPLICATE_METHOD_MATCH = YES;
				"CODE_SIGN_IDENTITY[sdk=iphoneos*]" = "iPhone Developer";
				COPY_PHASE_STRIP = NO;
				DEBUG_INFORMATION_FORMAT = "dwarf-with-dsym";
				ENABLE_NS_ASSERTIONS = NO;
				ENABLE_STRICT_OBJC_MSGSEND = YES;
				GCC_C_LANGUAGE_STANDARD = gnu99;
				GCC_NO_COMMON_BLOCKS = YES;
				GCC_WARN_64_TO_32_BIT_CONVERSION = YES;
				GCC_WARN_ABOUT_RETURN_TYPE = YES_ERROR;
				GCC_WARN_UNDECLARED_SELECTOR = YES;
				GCC_WARN_UNINITIALIZED_AUTOS = YES_AGGRESSIVE;
				GCC_WARN_UNUSED_FUNCTION = YES;
				GCC_WARN_UNUSED_VARIABLE = YES;
				IPHONEOS_DEPLOYMENT_TARGET = 9.3;
				MTL_ENABLE_DEBUG_INFO = NO;
				SDKROOT = iphoneos;
				TARGETED_DEVICE_FAMILY = "1,2";
				VALIDATE_PRODUCT = YES;
			};
			name = Release;
		};
		8A54CCC31D7E4A13009BBB38 /* Debug */ = {
			isa = XCBuildConfiguration;
			buildSettings = {
				ASSETCATALOG_COMPILER_APPICON_NAME = AppIcon;
				INFOPLIST_FILE = StorageTest/Info.plist;
				LD_RUNPATH_SEARCH_PATHS = "$(inherited) @executable_path/Frameworks";
				PRODUCT_BUNDLE_IDENTIFIER = sunsunsoft.StorageTest;
				PRODUCT_NAME = "$(TARGET_NAME)";
			};
			name = Debug;
		};
		8A54CCC41D7E4A13009BBB38 /* Release */ = {
			isa = XCBuildConfiguration;
			buildSettings = {
				ASSETCATALOG_COMPILER_APPICON_NAME = AppIcon;
				INFOPLIST_FILE = StorageTest/Info.plist;
				LD_RUNPATH_SEARCH_PATHS = "$(inherited) @executable_path/Frameworks";
				PRODUCT_BUNDLE_IDENTIFIER = sunsunsoft.StorageTest;
				PRODUCT_NAME = "$(TARGET_NAME)";
			};
			name = Release;
		};
/* End XCBuildConfiguration section */

/* Begin XCConfigurationList section */
		8A54CCA81D7E4A13009BBB38 /* Build configuration list for PBXProject "StorageTest" */ = {
			isa = XCConfigurationList;
			buildConfigurations = (
				8A54CCC01D7E4A13009BBB38 /* Debug */,
				8A54CCC11D7E4A13009BBB38 /* Release */,
			);
			defaultConfigurationIsVisible = 0;
			defaultConfigurationName = Release;
		};
		8A54CCC21D7E4A13009BBB38 /* Build configuration list for PBXNativeTarget "StorageTest" */ = {
			isa = XCConfigurationList;
			buildConfigurations = (
				8A54CCC31D7E4A13009BBB38 /* Debug */,
				8A54CCC41D7E4A13009BBB38 /* Release */,
			);
			defaultConfigurationIsVisible = 0;
			defaultConfigurationName = Release;
		};
/* End XCConfigurationList section */

/* Begin XCVersionGroup section */
		8A54CCB71D7E4A13009BBB38 /* StorageTest.xcdatamodeld */ = {
			isa = XCVersionGroup;
			children = (
				8A54CCB81D7E4A13009BBB38 /* StorageTest.xcdatamodel */,
			);
			currentVersion = 8A54CCB81D7E4A13009BBB38 /* StorageTest.xcdatamodel */;
			path = StorageTest.xcdatamodeld;
			sourceTree = "<group>";
			versionGroupType = wrapper.xcdatamodel;
		};
/* End XCVersionGroup section */
	};
	rootObject = 8A54CCA51D7E4A13009BBB38 /* Project object */;
}
